// !$*UTF8*$!
{archiveVersion = 1; classes = {}; objectVersion = 56; objects = {
5E86CEBCCB438FB349DFEA2C = {isa = PBXFileReference; lastKnownFileType = sourcecode.c.h; path = "Apple/Bridge/JarasCoreBridge.h"; sourceTree = SOURCE_ROOT;};
A95B68F678640847767AF9BF = {isa = PBXFileReference; lastKnownFileType = sourcecode.cpp.objcpp; path = "Apple/Bridge/JarasCoreBridge.mm"; sourceTree = SOURCE_ROOT;};
951E68D98EEB66ED4E517E0C = {isa = PBXFileReference; lastKnownFileType = sourcecode.c.h; path = "Apple/Bridge/JarasLive-Bridging-Header.h"; sourceTree = SOURCE_ROOT;};
3F07F1E21C9BD707F6833292 = {isa = PBXFileReference; lastKnownFileType = sourcecode.swift; path = "Apple/Bridge/LocalCommandExecutor.swift"; sourceTree = SOURCE_ROOT;};
70CAAE3EC6E543EA9CFB0435 = {isa = PBXFileReference; lastKnownFileType = sourcecode.swift; path = "Apple/Shared/AppContainer.swift"; sourceTree = SOURCE_ROOT;};
7E402FCEE826FD2332E8A934 = {isa = PBXFileReference; lastKnownFileType = sourcecode.swift; path = "Apple/Shared/JarasLiveApp.swift"; sourceTree = SOURCE_ROOT;};
4507623203A5920F28A8AC20 = {isa = PBXFileReference; lastKnownFileType = sourcecode.swift; path = "Apple/Shared/LoginView.swift"; sourceTree = SOURCE_ROOT;};
AE08AF799CD741197B9E4CD7 = {isa = PBXFileReference; lastKnownFileType = sourcecode.swift; path = "Apple/Shared/MainView.swift"; sourceTree = SOURCE_ROOT;};
8739E8D2E458557044DEE958 = {isa = PBXFileReference; lastKnownFileType = sourcecode.swift; path = "Apple/Shared/SettingsView.swift"; sourceTree = SOURCE_ROOT;};
9247CF8624EE3B7112D8CF0C = {isa = PBXFileReference; lastKnownFileType = sourcecode.swift; path = "Apple/Shared/SidebarView.swift"; sourceTree = SOURCE_ROOT;};
A040AD7248008141F20C4100 = {isa = PBXFileReference; lastKnownFileType = sourcecode.swift; path = "Apple/Shared/SongListView.swift"; sourceTree = SOURCE_ROOT;};
8AAF350CDB57715F42A6876E = {isa = PBXFileReference; lastKnownFileType = sourcecode.swift; path = "Apple/Shared/Theme.swift"; sourceTree = SOURCE_ROOT;};
AA2F622B38F55D11CCFEDA99 = {isa = PBXFileReference; lastKnownFileType = sourcecode.swift; path = "Apple/Shared/TimelineGridView.swift"; sourceTree = SOURCE_ROOT;};
765B13A8893024142CB240A2 = {isa = PBXFileReference; lastKnownFileType = sourcecode.swift; path = "Apple/Shared/TimelineWheelInput.swift"; sourceTree = SOURCE_ROOT;};
2F1D6F82A880A429310F7946 = {isa = PBXFileReference; lastKnownFileType = sourcecode.swift; path = "Apple/Shared/TransportView.swift"; sourceTree = SOURCE_ROOT;};
21DA255B8716BD328F6B0614 = {isa = PBXFileReference; lastKnownFileType = sourcecode.swift; path = "Application/Account/AccountModels.swift"; sourceTree = SOURCE_ROOT;};
6A46DCC533DD7855699CE05D = {isa = PBXFileReference; lastKnownFileType = sourcecode.swift; path = "Application/AppState/Commands.swift"; sourceTree = SOURCE_ROOT;};
4D40E8B0343F56A74EE3DA5E = {isa = PBXFileReference; lastKnownFileType = sourcecode.swift; path = "Application/AppState/ShowController.swift"; sourceTree = SOURCE_ROOT;};
166A3BD353D2BB38BC66DC8A = {isa = PBXFileReference; lastKnownFileType = sourcecode.swift; path = "Application/Auth/AuthService.swift"; sourceTree = SOURCE_ROOT;};
B7D988CA9938FCB635D34E56 = {isa = PBXFileReference; lastKnownFileType = sourcecode.swift; path = "Application/Auth/SecureStore.swift"; sourceTree = SOURCE_ROOT;};
44AAC3F6BCC0AEF8342964DE = {isa = PBXFileReference; lastKnownFileType = sourcecode.swift; path = "Application/Backend/BackendClient.swift"; sourceTree = SOURCE_ROOT;};
58FDD6B35882723C104E6B9D = {isa = PBXFileReference; lastKnownFileType = sourcecode.swift; path = "Application/Backend/MockBackendClient.swift"; sourceTree = SOURCE_ROOT;};
A2B2210FCA80DD1ECAA2987D = {isa = PBXFileReference; lastKnownFileType = sourcecode.swift; path = "Application/Devices/DeviceAuthorizationService.swift"; sourceTree = SOURCE_ROOT;};
7C664F299C198289073581EE = {isa = PBXFileReference; lastKnownFileType = sourcecode.swift; path = "Application/Licensing/EntitlementService.swift"; sourceTree = SOURCE_ROOT;};
179724D8A13C91AD4CF8342C = {isa = PBXFileReference; lastKnownFileType = sourcecode.swift; path = "Application/Project/ProjectModels.swift"; sourceTree = SOURCE_ROOT;};
D16C1B8ACEADEC6EF2211001 = {isa = PBXFileReference; lastKnownFileType = sourcecode.swift; path = "Application/Project/ProjectStore.swift"; sourceTree = SOURCE_ROOT;};
2CD5DA93249C9B2ED4E3C768 = {isa = PBXFileReference; lastKnownFileType = sourcecode.cpp.h; path = "Core/Audio/AudioEngine.hpp"; sourceTree = SOURCE_ROOT;};
0099FCE7DA06FCE544F5E4B1 = {isa = PBXFileReference; lastKnownFileType = sourcecode.cpp.h; path = "Core/Import/ProjectImporter.hpp"; sourceTree = SOURCE_ROOT;};
F71F35775D048424E5ACB8C7 = {isa = PBXFileReference; lastKnownFileType = sourcecode.cpp.cpp; path = "Core/Import/TrackTaxonomy.cpp"; sourceTree = SOURCE_ROOT;};
26CD4E609A89BD4E5D2910FA = {isa = PBXFileReference; lastKnownFileType = sourcecode.cpp.h; path = "Core/Import/TrackTaxonomy.hpp"; sourceTree = SOURCE_ROOT;};
B9D4D11EC77D86C7B28E5FBB = {isa = PBXFileReference; lastKnownFileType = sourcecode.cpp.h; path = "Core/Loop/LoopState.hpp"; sourceTree = SOURCE_ROOT;};
B65C56AF85200667F4E2AB0A = {isa = PBXFileReference; lastKnownFileType = sourcecode.cpp.h; path = "Core/MIDI/ControlBinding.hpp"; sourceTree = SOURCE_ROOT;};
D15ECC26C2FB84957B9BAC68 = {isa = PBXFileReference; lastKnownFileType = sourcecode.cpp.h; path = "Core/Mixer/MixerState.hpp"; sourceTree = SOURCE_ROOT;};
2453221F28F676B17D0B1F75 = {isa = PBXFileReference; lastKnownFileType = sourcecode.cpp.h; path = "Core/Parts/Part.hpp"; sourceTree = SOURCE_ROOT;};
8577F8AC8BF49AAE011E0400 = {isa = PBXFileReference; lastKnownFileType = sourcecode.cpp.cpp; path = "Core/Project/Models.cpp"; sourceTree = SOURCE_ROOT;};
09E6749AA543369FF37E7A4E = {isa = PBXFileReference; lastKnownFileType = sourcecode.cpp.h; path = "Core/Project/Models.hpp"; sourceTree = SOURCE_ROOT;};
B9E7994C00556A67BE7E69E7 = {isa = PBXFileReference; lastKnownFileType = sourcecode.cpp.h; path = "Core/Queue/Queue.hpp"; sourceTree = SOURCE_ROOT;};
D066C1655E3D32A2C233BD8A = {isa = PBXFileReference; lastKnownFileType = sourcecode.cpp.h; path = "Core/Serialization/ProjectCodec.hpp"; sourceTree = SOURCE_ROOT;};
1D3E3971E820DBC425210B63 = {isa = PBXFileReference; lastKnownFileType = sourcecode.cpp.h; path = "Core/Songs/Song.hpp"; sourceTree = SOURCE_ROOT;};
9808318186F829232BB6638D = {isa = PBXFileReference; lastKnownFileType = sourcecode.cpp.h; path = "Core/Sync/CommandEnvelope.hpp"; sourceTree = SOURCE_ROOT;};
ABFF7EA2415E717DA391021B = {isa = PBXFileReference; lastKnownFileType = sourcecode.cpp.h; path = "Core/Tracks/Track.hpp"; sourceTree = SOURCE_ROOT;};
77173E66A87E8B7C24F1EDDA = {isa = PBXFileReference; lastKnownFileType = sourcecode.cpp.cpp; path = "Core/Transport/Engine.cpp"; sourceTree = SOURCE_ROOT;};
376AA6BEE449F3351EB3828A = {isa = PBXFileReference; lastKnownFileType = sourcecode.cpp.h; path = "Core/Transport/Engine.hpp"; sourceTree = SOURCE_ROOT;};
523DDE8D9F927F563555219B = {isa = PBXFileReference; lastKnownFileType = sourcecode.cpp.h; path = "Core/Transport/TransportState.hpp"; sourceTree = SOURCE_ROOT;};
2F78553D72FEECA1169D1338 = {isa = PBXFileReference; lastKnownFileType = sourcecode.cpp.h; path = "Core/Utils/Identity.hpp"; sourceTree = SOURCE_ROOT;};
06E007D7F9EB1617DC5ABC6C = {isa = PBXFileReference; lastKnownFileType = text.plist.strings; name = "en"; path = "Apple/Resources/en.lproj/Localizable.strings"; sourceTree = SOURCE_ROOT;};
52534F07F7D5A3EE42D118D5 = {isa = PBXFileReference; lastKnownFileType = text.plist.strings; name = "pt-BR"; path = "Apple/Resources/pt-BR.lproj/Localizable.strings"; sourceTree = SOURCE_ROOT;};
82792A940AEB9DBA2EEAA46C = {isa = PBXVariantGroup; children = (06E007D7F9EB1617DC5ABC6C,52534F07F7D5A3EE42D118D5); name = Localizable.strings; sourceTree = "<group>";};
3685E330EC5277A9DD5661C6 = {isa = PBXFileReference; lastKnownFileType = folder.assetcatalog; path = Apple/Assets.xcassets; sourceTree = SOURCE_ROOT;};
210420D2D4CE930FF79003A4 = {isa = PBXFileReference; explicitFileType = wrapper.application; path = "Jaras Live.app"; sourceTree = BUILT_PRODUCTS_DIR;};
4EF08EC3B7CCDB2869F36015 = {isa = PBXBuildFile; fileRef = A95B68F678640847767AF9BF;};
6480A0D8A66D11E149FF8041 = {isa = PBXBuildFile; fileRef = 3F07F1E21C9BD707F6833292;};
891CA7A6AC64D1E132EF869B = {isa = PBXBuildFile; fileRef = 70CAAE3EC6E543EA9CFB0435;};
D372A66CE93D71D08E87A877 = {isa = PBXBuildFile; fileRef = 7E402FCEE826FD2332E8A934;};
734C2832202B4710ED857C9D = {isa = PBXBuildFile; fileRef = 4507623203A5920F28A8AC20;};
31F05718901118D9110FD9C0 = {isa = PBXBuildFile; fileRef = AE08AF799CD741197B9E4CD7;};
78109ED5CDA9EE7FF72D1E25 = {isa = PBXBuildFile; fileRef = 8739E8D2E458557044DEE958;};
6C0C3C9A574B01E36402F32A = {isa = PBXBuildFile; fileRef = 9247CF8624EE3B7112D8CF0C;};
1D73833C03F6B163CCE9E95B = {isa = PBXBuildFile; fileRef = A040AD7248008141F20C4100;};
A4BDC7FEB6EF9C67D7260DDE = {isa = PBXBuildFile; fileRef = 8AAF350CDB57715F42A6876E;};
7E0F86FC02F0C0DEE6C12358 = {isa = PBXBuildFile; fileRef = AA2F622B38F55D11CCFEDA99;};
F2C3CFA5FB548D1989D1E1CD = {isa = PBXBuildFile; fileRef = 765B13A8893024142CB240A2;};
9EB1C911527B13A2B6FA1569 = {isa = PBXBuildFile; fileRef = 2F1D6F82A880A429310F7946;};
F0327D565580632033FBA9DF = {isa = PBXBuildFile; fileRef = 21DA255B8716BD328F6B0614;};
BDC739EEB260FF324D96B506 = {isa = PBXBuildFile; fileRef = 6A46DCC533DD7855699CE05D;};
67200F2F3B77984A27823CFD = {isa = PBXBuildFile; fileRef = 4D40E8B0343F56A74EE3DA5E;};
0DCE7DF1B7DAD912AD1E63DD = {isa = PBXBuildFile; fileRef = 166A3BD353D2BB38BC66DC8A;};
57C19B0C6B14E8870C391FD2 = {isa = PBXBuildFile; fileRef = B7D988CA9938FCB635D34E56;};
769C538267A3ACC17517CD18 = {isa = PBXBuildFile; fileRef = 44AAC3F6BCC0AEF8342964DE;};
99C9F28DAEE0AB241143FE38 = {isa = PBXBuildFile; fileRef = 58FDD6B35882723C104E6B9D;};
A971BD11947824D1AD8DF61F = {isa = PBXBuildFile; fileRef = A2B2210FCA80DD1ECAA2987D;};
C679A8FF2A3A09FD733760B5 = {isa = PBXBuildFile; fileRef = 7C664F299C198289073581EE;};
7C10D6C84C33C31FE497A395 = {isa = PBXBuildFile; fileRef = 179724D8A13C91AD4CF8342C;};
8FAFF22E649E71C8E6A60F2C = {isa = PBXBuildFile; fileRef = D16C1B8ACEADEC6EF2211001;};
234B3DEB5D3E27693EDFE5A8 = {isa = PBXBuildFile; fileRef = F71F35775D048424E5ACB8C7;};
A5274EE44704BC0D81551EDC = {isa = PBXBuildFile; fileRef = 8577F8AC8BF49AAE011E0400;};
08C01EC0A22991D520AC3E99 = {isa = PBXBuildFile; fileRef = 77173E66A87E8B7C24F1EDDA;};
6F9592638C25B79E7C76D41F = {isa = PBXSourcesBuildPhase; buildActionMask = 2147483647; files = (4EF08EC3B7CCDB2869F36015,6480A0D8A66D11E149FF8041,891CA7A6AC64D1E132EF869B,D372A66CE93D71D08E87A877,734C2832202B4710ED857C9D,31F05718901118D9110FD9C0,78109ED5CDA9EE7FF72D1E25,6C0C3C9A574B01E36402F32A,1D73833C03F6B163CCE9E95B,A4BDC7FEB6EF9C67D7260DDE,7E0F86FC02F0C0DEE6C12358,F2C3CFA5FB548D1989D1E1CD,9EB1C911527B13A2B6FA1569,F0327D565580632033FBA9DF,BDC739EEB260FF324D96B506,67200F2F3B77984A27823CFD,0DCE7DF1B7DAD912AD1E63DD,57C19B0C6B14E8870C391FD2,769C538267A3ACC17517CD18,99C9F28DAEE0AB241143FE38,A971BD11947824D1AD8DF61F,C679A8FF2A3A09FD733760B5,7C10D6C84C33C31FE497A395,8FAFF22E649E71C8E6A60F2C,234B3DEB5D3E27693EDFE5A8,A5274EE44704BC0D81551EDC,08C01EC0A22991D520AC3E99); runOnlyForDeploymentPostprocessing = 0;};
BFE345F0B6F2743F553F8A13 = {isa = PBXFrameworksBuildPhase; buildActionMask = 2147483647; files = (); runOnlyForDeploymentPostprocessing = 0;};
54BC656850C1B949A6F91EFC = {isa = PBXBuildFile; fileRef = 3685E330EC5277A9DD5661C6;};
21B8251B98FAB86562258AEC = {isa = PBXBuildFile; fileRef = 82792A940AEB9DBA2EEAA46C;};
6CFA80DA52F0622166F86BC7 = {isa = PBXResourcesBuildPhase; buildActionMask = 2147483647; files = (21B8251B98FAB86562258AEC,54BC656850C1B949A6F91EFC); runOnlyForDeploymentPostprocessing = 0;};
EB89FF85814AAA3ADD6DA0B9 = {isa = XCBuildConfiguration; name = Debug; buildSettings = {PRODUCT_NAME = "Jaras Live";PRODUCT_BUNDLE_IDENTIFIER = "com.hookdeveloper.jaraslive.mac";SDKROOT = "macosx";SWIFT_VERSION = "5.0";CLANG_CXX_LANGUAGE_STANDARD = "c++17";CLANG_ENABLE_MODULES = "YES";CLANG_ENABLE_OBJC_ARC = "YES";SWIFT_OBJC_BRIDGING_HEADER = "Apple/Bridge/JarasLive-Bridging-Header.h";GENERATE_INFOPLIST_FILE = "YES";INFOPLIST_KEY_CFBundleDisplayName = "Jaras Live";MARKETING_VERSION = "1.0.0";CURRENT_PROJECT_VERSION = "1";CODE_SIGN_STYLE = "Automatic";DEVELOPMENT_TEAM = "573QZX9H7Y";SWIFT_OPTIMIZATION_LEVEL = "-Onone";GCC_OPTIMIZATION_LEVEL = "0";ENABLE_USER_SCRIPT_SANDBOXING = "YES";HEADER_SEARCH_PATHS = "$(SRCROOT)/Core";ASSETCATALOG_COMPILER_GENERATE_SWIFT_ASSET_SYMBOL_EXTENSIONS = "NO";MACOSX_DEPLOYMENT_TARGET = "13.0";INFOPLIST_KEY_LSApplicationCategoryType = "public.app-category.music";ENABLE_APP_SANDBOX = "NO";COMBINE_HIDPI_IMAGES = "YES";ASSETCATALOG_COMPILER_APPICON_NAME = "AppIcon";};};
56ED9D8D44C52E74ED1E47D0 = {isa = XCBuildConfiguration; name = Release; buildSettings = {PRODUCT_NAME = "Jaras Live";PRODUCT_BUNDLE_IDENTIFIER = "com.hookdeveloper.jaraslive.mac";SDKROOT = "macosx";SWIFT_VERSION = "5.0";CLANG_CXX_LANGUAGE_STANDARD = "c++17";CLANG_ENABLE_MODULES = "YES";CLANG_ENABLE_OBJC_ARC = "YES";SWIFT_OBJC_BRIDGING_HEADER = "Apple/Bridge/JarasLive-Bridging-Header.h";GENERATE_INFOPLIST_FILE = "YES";INFOPLIST_KEY_CFBundleDisplayName = "Jaras Live";MARKETING_VERSION = "1.0.0";CURRENT_PROJECT_VERSION = "1";CODE_SIGN_STYLE = "Automatic";DEVELOPMENT_TEAM = "573QZX9H7Y";SWIFT_OPTIMIZATION_LEVEL = "-O";GCC_OPTIMIZATION_LEVEL = "3";ENABLE_USER_SCRIPT_SANDBOXING = "YES";HEADER_SEARCH_PATHS = "$(SRCROOT)/Core";ASSETCATALOG_COMPILER_GENERATE_SWIFT_ASSET_SYMBOL_EXTENSIONS = "NO";MACOSX_DEPLOYMENT_TARGET = "13.0";INFOPLIST_KEY_LSApplicationCategoryType = "public.app-category.music";ENABLE_APP_SANDBOX = "NO";COMBINE_HIDPI_IMAGES = "YES";ASSETCATALOG_COMPILER_APPICON_NAME = "AppIcon";};};
03B67C1639C5865634D6F136 = {isa = XCConfigurationList; buildConfigurations = (EB89FF85814AAA3ADD6DA0B9,56ED9D8D44C52E74ED1E47D0); defaultConfigurationIsVisible = 0; defaultConfigurationName = Release;};
12B8F7BB61F8B510166DE3BF = {isa = PBXNativeTarget; buildConfigurationList = 03B67C1639C5865634D6F136; buildPhases = (6F9592638C25B79E7C76D41F,BFE345F0B6F2743F553F8A13,6CFA80DA52F0622166F86BC7); buildRules = (); dependencies = (); name = "Jaras Live macOS"; productName = "Jaras Live"; productReference = 210420D2D4CE930FF79003A4; productType = "com.apple.product-type.application";};
BD55B937FE89448404734B6A = {isa = PBXFileReference; explicitFileType = wrapper.application; path = "Jaras Live.app"; sourceTree = BUILT_PRODUCTS_DIR;};
0289E72AEC1B877BEB429FEB = {isa = PBXBuildFile; fileRef = A95B68F678640847767AF9BF;};
B9B5AB803CC4C3A377AFED2A = {isa = PBXBuildFile; fileRef = 3F07F1E21C9BD707F6833292;};
FCFFF650015D2CD8DD383728 = {isa = PBXBuildFile; fileRef = 70CAAE3EC6E543EA9CFB0435;};
FDC82E110654932D6269BD53 = {isa = PBXBuildFile; fileRef = 7E402FCEE826FD2332E8A934;};
51FB76086AE222E93B16D742 = {isa = PBXBuildFile; fileRef = 4507623203A5920F28A8AC20;};
32FE7E14051A1F89997EC6B5 = {isa = PBXBuildFile; fileRef = AE08AF799CD741197B9E4CD7;};
B9D822346D7365D99B29381F = {isa = PBXBuildFile; fileRef = 8739E8D2E458557044DEE958;};
89CECE44E88616AC968AF2E9 = {isa = PBXBuildFile; fileRef = 9247CF8624EE3B7112D8CF0C;};
ABF07F2FD193DE291796171B = {isa = PBXBuildFile; fileRef = A040AD7248008141F20C4100;};
1B44660DACF9B0C16EAF1240 = {isa = PBXBuildFile; fileRef = 8AAF350CDB57715F42A6876E;};
FF08184B16FE937AC0A71012 = {isa = PBXBuildFile; fileRef = AA2F622B38F55D11CCFEDA99;};
8D9174FE42A673703DF9CCDB = {isa = PBXBuildFile; fileRef = 765B13A8893024142CB240A2;};
662D2031EF1A24B56C7AE4F1 = {isa = PBXBuildFile; fileRef = 2F1D6F82A880A429310F7946;};
5CC7C47176EB399C3966DEFD = {isa = PBXBuildFile; fileRef = 21DA255B8716BD328F6B0614;};
EA2F50F55CD0332745F82EFD = {isa = PBXBuildFile; fileRef = 6A46DCC533DD7855699CE05D;};
95D38E5F98CD368B42D9C787 = {isa = PBXBuildFile; fileRef = 4D40E8B0343F56A74EE3DA5E;};
362FBBF908C560F50A66A8FA = {isa = PBXBuildFile; fileRef = 166A3BD353D2BB38BC66DC8A;};
615C6020F9ABCE96DFFD72FE = {isa = PBXBuildFile; fileRef = B7D988CA9938FCB635D34E56;};
25BABE14BAD4DE9A61810498 = {isa = PBXBuildFile; fileRef = 44AAC3F6BCC0AEF8342964DE;};
3C2945C79C16AE6B35BBFB38 = {isa = PBXBuildFile; fileRef = 58FDD6B35882723C104E6B9D;};
64E8A6F0C3C8C2A847F02BDB = {isa = PBXBuildFile; fileRef = A2B2210FCA80DD1ECAA2987D;};
B08959E445CEC80AB0192752 = {isa = PBXBuildFile; fileRef = 7C664F299C198289073581EE;};
47B5AE70E7EE8F255AEA7202 = {isa = PBXBuildFile; fileRef = 179724D8A13C91AD4CF8342C;};
C8F2B991E4693C5AA0AC22C7 = {isa = PBXBuildFile; fileRef = D16C1B8ACEADEC6EF2211001;};
473C1EE00FEAAE3973DE04C0 = {isa = PBXBuildFile; fileRef = F71F35775D048424E5ACB8C7;};
A66038992C1522DFA6A23AB9 = {isa = PBXBuildFile; fileRef = 8577F8AC8BF49AAE011E0400;};
804AAA7588A1E79BCA24F63A = {isa = PBXBuildFile; fileRef = 77173E66A87E8B7C24F1EDDA;};
8D97C8EA434B8D1253422627 = {isa = PBXSourcesBuildPhase; buildActionMask = 2147483647; files = (0289E72AEC1B877BEB429FEB,B9B5AB803CC4C3A377AFED2A,FCFFF650015D2CD8DD383728,FDC82E110654932D6269BD53,51FB76086AE222E93B16D742,32FE7E14051A1F89997EC6B5,B9D822346D7365D99B29381F,89CECE44E88616AC968AF2E9,ABF07F2FD193DE291796171B,1B44660DACF9B0C16EAF1240,FF08184B16FE937AC0A71012,8D9174FE42A673703DF9CCDB,662D2031EF1A24B56C7AE4F1,5CC7C47176EB399C3966DEFD,EA2F50F55CD0332745F82EFD,95D38E5F98CD368B42D9C787,362FBBF908C560F50A66A8FA,615C6020F9ABCE96DFFD72FE,25BABE14BAD4DE9A61810498,3C2945C79C16AE6B35BBFB38,64E8A6F0C3C8C2A847F02BDB,B08959E445CEC80AB0192752,47B5AE70E7EE8F255AEA7202,C8F2B991E4693C5AA0AC22C7,473C1EE00FEAAE3973DE04C0,A66038992C1522DFA6A23AB9,804AAA7588A1E79BCA24F63A); runOnlyForDeploymentPostprocessing = 0;};
33FFD240F3D1374DD08D3481 = {isa = PBXFrameworksBuildPhase; buildActionMask = 2147483647; files = (); runOnlyForDeploymentPostprocessing = 0;};
E7F4C86C12B1F7E2E1B6E748 = {isa = PBXBuildFile; fileRef = 3685E330EC5277A9DD5661C6;};
3B2C2B27E7C332A39F39CD8C = {isa = PBXBuildFile; fileRef = 82792A940AEB9DBA2EEAA46C;};
629781F1E8DA8701B7652642 = {isa = PBXResourcesBuildPhase; buildActionMask = 2147483647; files = (3B2C2B27E7C332A39F39CD8C,E7F4C86C12B1F7E2E1B6E748); runOnlyForDeploymentPostprocessing = 0;};
B1F8F9B13FC3298358FB7B6F = {isa = XCBuildConfiguration; name = Debug; buildSettings = {PRODUCT_NAME = "Jaras Live";PRODUCT_BUNDLE_IDENTIFIER = "com.hookdeveloper.jaraslive";SDKROOT = "iphoneos";SWIFT_VERSION = "5.0";CLANG_CXX_LANGUAGE_STANDARD = "c++17";CLANG_ENABLE_MODULES = "YES";CLANG_ENABLE_OBJC_ARC = "YES";SWIFT_OBJC_BRIDGING_HEADER = "Apple/Bridge/JarasLive-Bridging-Header.h";GENERATE_INFOPLIST_FILE = "YES";INFOPLIST_KEY_CFBundleDisplayName = "Jaras Live";MARKETING_VERSION = "1.0.0";CURRENT_PROJECT_VERSION = "1";CODE_SIGN_STYLE = "Automatic";DEVELOPMENT_TEAM = "573QZX9H7Y";SWIFT_OPTIMIZATION_LEVEL = "-Onone";GCC_OPTIMIZATION_LEVEL = "0";ENABLE_USER_SCRIPT_SANDBOXING = "YES";HEADER_SEARCH_PATHS = "$(SRCROOT)/Core";ASSETCATALOG_COMPILER_GENERATE_SWIFT_ASSET_SYMBOL_EXTENSIONS = "NO";IPHONEOS_DEPLOYMENT_TARGET = "16.0";TARGETED_DEVICE_FAMILY = "2";SUPPORTED_PLATFORMS = "iphoneos iphonesimulator";INFOPLIST_KEY_UILaunchScreen_Generation = "YES";INFOPLIST_KEY_UIApplicationSceneManifest_Generation = "YES";INFOPLIST_KEY_UISupportedInterfaceOrientations = "UIInterfaceOrientationLandscapeLeft UIInterfaceOrientationLandscapeRight";INFOPLIST_KEY_UIRequiresFullScreen = "YES";};};
5B24F26EC762F3EBDE5E8DA9 = {isa = XCBuildConfiguration; name = Release; buildSettings = {PRODUCT_NAME = "Jaras Live";PRODUCT_BUNDLE_IDENTIFIER = "com.hookdeveloper.jaraslive";SDKROOT = "iphoneos";SWIFT_VERSION = "5.0";CLANG_CXX_LANGUAGE_STANDARD = "c++17";CLANG_ENABLE_MODULES = "YES";CLANG_ENABLE_OBJC_ARC = "YES";SWIFT_OBJC_BRIDGING_HEADER = "Apple/Bridge/JarasLive-Bridging-Header.h";GENERATE_INFOPLIST_FILE = "YES";INFOPLIST_KEY_CFBundleDisplayName = "Jaras Live";MARKETING_VERSION = "1.0.0";CURRENT_PROJECT_VERSION = "1";CODE_SIGN_STYLE = "Automatic";DEVELOPMENT_TEAM = "573QZX9H7Y";SWIFT_OPTIMIZATION_LEVEL = "-O";GCC_OPTIMIZATION_LEVEL = "3";ENABLE_USER_SCRIPT_SANDBOXING = "YES";HEADER_SEARCH_PATHS = "$(SRCROOT)/Core";ASSETCATALOG_COMPILER_GENERATE_SWIFT_ASSET_SYMBOL_EXTENSIONS = "NO";IPHONEOS_DEPLOYMENT_TARGET = "16.0";TARGETED_DEVICE_FAMILY = "2";SUPPORTED_PLATFORMS = "iphoneos iphonesimulator";INFOPLIST_KEY_UILaunchScreen_Generation = "YES";INFOPLIST_KEY_UIApplicationSceneManifest_Generation = "YES";INFOPLIST_KEY_UISupportedInterfaceOrientations = "UIInterfaceOrientationLandscapeLeft UIInterfaceOrientationLandscapeRight";INFOPLIST_KEY_UIRequiresFullScreen = "YES";};};
A2C96F6561A73DD3759915D7 = {isa = XCConfigurationList; buildConfigurations = (B1F8F9B13FC3298358FB7B6F,5B24F26EC762F3EBDE5E8DA9); defaultConfigurationIsVisible = 0; defaultConfigurationName = Release;};
A885D463D24589C3055C5CAC = {isa = PBXNativeTarget; buildConfigurationList = A2C96F6561A73DD3759915D7; buildPhases = (8D97C8EA434B8D1253422627,33FFD240F3D1374DD08D3481,629781F1E8DA8701B7652642); buildRules = (); dependencies = (); name = "Jaras Live iPadOS"; productName = "Jaras Live"; productReference = BD55B937FE89448404734B6A; productType = "com.apple.product-type.application";};
FBDC4F23F93125BBEEAE800C = {isa = PBXGroup; children = (210420D2D4CE930FF79003A4,BD55B937FE89448404734B6A); name = Products; sourceTree = "<group>";};
7C7EACA0A604559DE0FEA859 = {isa = PBXGroup; children = (2CD5DA93249C9B2ED4E3C768); name = "Audio"; sourceTree = "<group>";};
86826999B80F717F408F6FC5 = {isa = PBXGroup; children = (0099FCE7DA06FCE544F5E4B1,F71F35775D048424E5ACB8C7,26CD4E609A89BD4E5D2910FA); name = "Import"; sourceTree = "<group>";};
879C5BEA2368A8456AD71219 = {isa = PBXGroup; children = (B9D4D11EC77D86C7B28E5FBB); name = "Loop"; sourceTree = "<group>";};
D6F41081DB230D94BA5D8333 = {isa = PBXGroup; children = (B65C56AF85200667F4E2AB0A); name = "MIDI"; sourceTree = "<group>";};
A2F8A7B5553B9121A0B98877 = {isa = PBXGroup; children = (D15ECC26C2FB84957B9BAC68); name = "Mixer"; sourceTree = "<group>";};
32C35F9EFB0F8EF96E1E0634 = {isa = PBXGroup; children = (2453221F28F676B17D0B1F75); name = "Parts"; sourceTree = "<group>";};
1BD143367B8513EFD8677C0F = {isa = PBXGroup; children = (8577F8AC8BF49AAE011E0400,09E6749AA543369FF37E7A4E); name = "Project"; sourceTree = "<group>";};
60321BAB405CD4329A1FCDAC = {isa = PBXGroup; children = (B9E7994C00556A67BE7E69E7); name = "Queue"; sourceTree = "<group>";};
E69E1ADDA0937C84F03AD253 = {isa = PBXGroup; children = (D066C1655E3D32A2C233BD8A); name = "Serialization"; sourceTree = "<group>";};
21869183C6B22D2E51BC7673 = {isa = PBXGroup; children = (1D3E3971E820DBC425210B63); name = "Songs"; sourceTree = "<group>";};
DE1B63714DD74269993E5933 = {isa = PBXGroup; children = (9808318186F829232BB6638D); name = "Sync"; sourceTree = "<group>";};
B5F44946C9452423E7A2180C = {isa = PBXGroup; children = (ABFF7EA2415E717DA391021B); name = "Tracks"; sourceTree = "<group>";};
4DD9C4B67FD0BEC4FD4C79D8 = {isa = PBXGroup; children = (77173E66A87E8B7C24F1EDDA,376AA6BEE449F3351EB3828A,523DDE8D9F927F563555219B); name = "Transport"; sourceTree = "<group>";};
AD89FC5E8C95A5D8018354BE = {isa = PBXGroup; children = (2F78553D72FEECA1169D1338); name = "Utils"; sourceTree = "<group>";};
410188F9DC6E499FEC68BCF6 = {isa = PBXGroup; children = (7C7EACA0A604559DE0FEA859,86826999B80F717F408F6FC5,879C5BEA2368A8456AD71219,D6F41081DB230D94BA5D8333,A2F8A7B5553B9121A0B98877,32C35F9EFB0F8EF96E1E0634,1BD143367B8513EFD8677C0F,60321BAB405CD4329A1FCDAC,E69E1ADDA0937C84F03AD253,21869183C6B22D2E51BC7673,DE1B63714DD74269993E5933,B5F44946C9452423E7A2180C,4DD9C4B67FD0BEC4FD4C79D8,AD89FC5E8C95A5D8018354BE); name = "Core"; sourceTree = "<group>";};
A5115F21CEF889F33E720103 = {isa = PBXGroup; children = (21DA255B8716BD328F6B0614); name = "Account"; sourceTree = "<group>";};
5D7C7E347B34B957FD0B8B16 = {isa = PBXGroup; children = (6A46DCC533DD7855699CE05D,4D40E8B0343F56A74EE3DA5E); name = "AppState"; sourceTree = "<group>";};
1DFC26EE3CB2F5B4AF8358F4 = {isa = PBXGroup; children = (166A3BD353D2BB38BC66DC8A,B7D988CA9938FCB635D34E56); name = "Auth"; sourceTree = "<group>";};
FC76C1E8F66607C5196E8447 = {isa = PBXGroup; children = (44AAC3F6BCC0AEF8342964DE,58FDD6B35882723C104E6B9D); name = "Backend"; sourceTree = "<group>";};
69E92D526EB2E1C183B83EB8 = {isa = PBXGroup; children = (A2B2210FCA80DD1ECAA2987D); name = "Devices"; sourceTree = "<group>";};
D4AB487A092FAEBFE6937B0E = {isa = PBXGroup; children = (7C664F299C198289073581EE); name = "Licensing"; sourceTree = "<group>";};
BD26994C1D979C4E07D788B9 = {isa = PBXGroup; children = (179724D8A13C91AD4CF8342C,D16C1B8ACEADEC6EF2211001); name = "Project"; sourceTree = "<group>";};
D45F72567C128575D32721F6 = {isa = PBXGroup; children = (A5115F21CEF889F33E720103,5D7C7E347B34B957FD0B8B16,1DFC26EE3CB2F5B4AF8358F4,FC76C1E8F66607C5196E8447,69E92D526EB2E1C183B83EB8,D4AB487A092FAEBFE6937B0E,BD26994C1D979C4E07D788B9); name = "Application"; sourceTree = "<group>";};
773EF46EC66D360AE8C17EAE = {isa = PBXGroup; children = (5E86CEBCCB438FB349DFEA2C,A95B68F678640847767AF9BF,951E68D98EEB66ED4E517E0C,3F07F1E21C9BD707F6833292); name = "Bridge"; sourceTree = "<group>";};
2F3589FB01BD4B9BBE499125 = {isa = PBXGroup; children = (70CAAE3EC6E543EA9CFB0435,7E402FCEE826FD2332E8A934,4507623203A5920F28A8AC20,AE08AF799CD741197B9E4CD7,8739E8D2E458557044DEE958,9247CF8624EE3B7112D8CF0C,A040AD7248008141F20C4100,8AAF350CDB57715F42A6876E,AA2F622B38F55D11CCFEDA99,765B13A8893024142CB240A2,2F1D6F82A880A429310F7946); name = "Shared"; sourceTree = "<group>";};
401FB3ECA8CE8ED332855F95 = {isa = PBXGroup; children = (773EF46EC66D360AE8C17EAE,2F3589FB01BD4B9BBE499125,82792A940AEB9DBA2EEAA46C,3685E330EC5277A9DD5661C6); name = "Apple"; sourceTree = "<group>";};
DC76E9F0C0006E8F919E0C51 = {isa = PBXGroup; children = (410188F9DC6E499FEC68BCF6,D45F72567C128575D32721F6,401FB3ECA8CE8ED332855F95,FBDC4F23F93125BBEEAE800C); sourceTree = "<group>";};
AB52CB08E0FDF02BF6C67C33 = {isa = XCBuildConfiguration; name = Debug; buildSettings = {};};
5283471FF90C511CFE244FFF = {isa = XCBuildConfiguration; name = Release; buildSettings = {};};
49EA05A46B1A86EA7E413B43 = {isa = XCConfigurationList; buildConfigurations = (AB52CB08E0FDF02BF6C67C33,5283471FF90C511CFE244FFF); defaultConfigurationIsVisible = 0; defaultConfigurationName = Release;};
98F54143AB4E86B28C3AFEE0 = {isa = PBXProject; attributes = {LastUpgradeCheck = 1600; TargetAttributes = {12B8F7BB61F8B510166DE3BF = {CreatedOnToolsVersion = 16.0; DevelopmentTeam = 573QZX9H7Y; ProvisioningStyle = Automatic; };A885D463D24589C3055C5CAC = {CreatedOnToolsVersion = 16.0; DevelopmentTeam = 573QZX9H7Y; ProvisioningStyle = Automatic; };}; }; buildConfigurationList = 49EA05A46B1A86EA7E413B43; compatibilityVersion = "Xcode 14.0"; developmentRegion = en; hasScannedForEncodings = 0; knownRegions = (en,"pt-BR",Base); mainGroup = DC76E9F0C0006E8F919E0C51; productRefGroup = FBDC4F23F93125BBEEAE800C; projectDirPath = ""; projectRoot = ""; targets = (12B8F7BB61F8B510166DE3BF,A885D463D24589C3055C5CAC);};
}; rootObject = 98F54143AB4E86B28C3AFEE0; }
