// !$*UTF8*$!
{archiveVersion = 1; classes = {}; objectVersion = 56; objects = {
5E86CEBCCB438FB349DFEA2C = {isa = PBXFileReference; lastKnownFileType = sourcecode.c.h; path = "Apple/Bridge/JarasCoreBridge.h"; sourceTree = SOURCE_ROOT;};
A95B68F678640847767AF9BF = {isa = PBXFileReference; lastKnownFileType = sourcecode.cpp.objcpp; path = "Apple/Bridge/JarasCoreBridge.mm"; sourceTree = SOURCE_ROOT;};
0B00F4278E82F714DF0D025E = {isa = PBXFileReference; lastKnownFileType = sourcecode.c.h; path = "Apple/Bridge/JarasEffects.h"; sourceTree = SOURCE_ROOT;};
91EE2EBC0D126DF6ECFB59AD = {isa = PBXFileReference; lastKnownFileType = sourcecode.cpp.objcpp; path = "Apple/Bridge/JarasEffects.mm"; sourceTree = SOURCE_ROOT;};
951E68D98EEB66ED4E517E0C = {isa = PBXFileReference; lastKnownFileType = sourcecode.c.h; path = "Apple/Bridge/JarasLive-Bridging-Header.h"; sourceTree = SOURCE_ROOT;};
FA71668E4D5381C66170C6C4 = {isa = PBXFileReference; lastKnownFileType = sourcecode.c.h; path = "Apple/Bridge/JarasRecording.h"; sourceTree = SOURCE_ROOT;};
BCBD133F7DF86865385A73A1 = {isa = PBXFileReference; lastKnownFileType = sourcecode.cpp.objcpp; path = "Apple/Bridge/JarasRecording.mm"; sourceTree = SOURCE_ROOT;};
3225D7CC4E644300B80511F9 = {isa = PBXFileReference; lastKnownFileType = sourcecode.c.h; path = "Apple/Bridge/JarasSoundFont.h"; sourceTree = SOURCE_ROOT;};
9F55B9CB2DB232CA01AE4221 = {isa = PBXFileReference; lastKnownFileType = sourcecode.cpp.objcpp; path = "Apple/Bridge/JarasSoundFont.mm"; sourceTree = SOURCE_ROOT;};
0A4A4FF8C50AF55AF183A1A5 = {isa = PBXFileReference; lastKnownFileType = sourcecode.c.h; path = "Apple/Bridge/JarasTimecode.h"; sourceTree = SOURCE_ROOT;};
C4936CF8AE062E92CAF8A043 = {isa = PBXFileReference; lastKnownFileType = sourcecode.cpp.objcpp; path = "Apple/Bridge/JarasTimecode.mm"; sourceTree = SOURCE_ROOT;};
DD01433310890C523F0FB30C = {isa = PBXFileReference; lastKnownFileType = sourcecode.c.h; path = "Apple/Bridge/JarasVST3.h"; sourceTree = SOURCE_ROOT;};
BF172E170CB8CD9A1D165337 = {isa = PBXFileReference; lastKnownFileType = sourcecode.cpp.objcpp; path = "Apple/Bridge/JarasVST3.mm"; sourceTree = SOURCE_ROOT;};
3F07F1E21C9BD707F6833292 = {isa = PBXFileReference; lastKnownFileType = sourcecode.swift; path = "Apple/Bridge/LocalCommandExecutor.swift"; sourceTree = SOURCE_ROOT;};
B56D2897ED781284BB1D2186 = {isa = PBXFileReference; lastKnownFileType = sourcecode.swift; path = "Apple/Shared/AdvancedView.swift"; sourceTree = SOURCE_ROOT;};
70CAAE3EC6E543EA9CFB0435 = {isa = PBXFileReference; lastKnownFileType = sourcecode.swift; path = "Apple/Shared/AppContainer.swift"; sourceTree = SOURCE_ROOT;};
7A4F612D5ED5C699614E09DE = {isa = PBXFileReference; lastKnownFileType = sourcecode.swift; path = "Apple/Shared/AudioDeviceSettings.swift"; sourceTree = SOURCE_ROOT;};
41B7C7731271615882D0F3B1 = {isa = PBXFileReference; lastKnownFileType = sourcecode.swift; path = "Apple/Shared/AudioExportSelection.swift"; sourceTree = SOURCE_ROOT;};
05BE4E698DC2D3316452DAA8 = {isa = PBXFileReference; lastKnownFileType = sourcecode.swift; path = "Apple/Shared/AudioExportView.swift"; sourceTree = SOURCE_ROOT;};
E9262EDF3849221C0D733C00 = {isa = PBXFileReference; lastKnownFileType = sourcecode.swift; path = "Apple/Shared/ControlMappings.swift"; sourceTree = SOURCE_ROOT;};
F53D12F21BF070DF0EBAF594 = {isa = PBXFileReference; lastKnownFileType = sourcecode.swift; path = "Apple/Shared/CreateTrackEditor.swift"; sourceTree = SOURCE_ROOT;};
6DF069EB1A7314A5D5D0BA71 = {isa = PBXFileReference; lastKnownFileType = sourcecode.swift; path = "Apple/Shared/DAWActionsList.swift"; sourceTree = SOURCE_ROOT;};
56CCE7F7E3BACB71368DAA79 = {isa = PBXFileReference; lastKnownFileType = sourcecode.swift; path = "Apple/Shared/EQRTAOverlay.swift"; sourceTree = SOURCE_ROOT;};
C13588885D496FAF97727FEB = {isa = PBXFileReference; lastKnownFileType = sourcecode.swift; path = "Apple/Shared/EQRealTimeAnalysis.swift"; sourceTree = SOURCE_ROOT;};
FCF45410876EE4E9D2DFEBC9 = {isa = PBXFileReference; lastKnownFileType = sourcecode.swift; path = "Apple/Shared/EffectSpectrogram.swift"; sourceTree = SOURCE_ROOT;};
E49A12B5089017976393A0E0 = {isa = PBXFileReference; lastKnownFileType = sourcecode.swift; path = "Apple/Shared/ExternalPluginEditor.swift"; sourceTree = SOURCE_ROOT;};
8DACBF85DF5BBCEE03579780 = {isa = PBXFileReference; lastKnownFileType = sourcecode.swift; path = "Apple/Shared/FXControls.swift"; sourceTree = SOURCE_ROOT;};
DFFCC4CCF6ACBE7E46220DC5 = {isa = PBXFileReference; lastKnownFileType = sourcecode.swift; path = "Apple/Shared/FXEditor.swift"; sourceTree = SOURCE_ROOT;};
06AB5129594D43BFA8668549 = {isa = PBXFileReference; lastKnownFileType = sourcecode.swift; path = "Apple/Shared/FXParameterMapping.swift"; sourceTree = SOURCE_ROOT;};
786FE41E577FD4CE88E62CE4 = {isa = PBXFileReference; lastKnownFileType = sourcecode.swift; path = "Apple/Shared/FXWindows.swift"; sourceTree = SOURCE_ROOT;};
73DD49CF37373AA442CE15A0 = {isa = PBXFileReference; lastKnownFileType = sourcecode.swift; path = "Apple/Shared/FolderImportReview.swift"; sourceTree = SOURCE_ROOT;};
CB65FBF85F811F0C864853D3 = {isa = PBXFileReference; lastKnownFileType = sourcecode.swift; path = "Apple/Shared/GridInsertionPreview.swift"; sourceTree = SOURCE_ROOT;};
B6743DF82BBBC381511E7B34 = {isa = PBXFileReference; lastKnownFileType = sourcecode.swift; path = "Apple/Shared/GridScrollView.swift"; sourceTree = SOURCE_ROOT;};
8D59C779A27E6B8CA47F259E = {isa = PBXFileReference; lastKnownFileType = sourcecode.swift; path = "Apple/Shared/GridSelectionInput.swift"; sourceTree = SOURCE_ROOT;};
3C6B8F3AEF42385688275CC2 = {isa = PBXFileReference; lastKnownFileType = sourcecode.swift; path = "Apple/Shared/InstrumentLibrary.swift"; sourceTree = SOURCE_ROOT;};
23420D5985534F931D05F256 = {isa = PBXFileReference; lastKnownFileType = sourcecode.swift; path = "Apple/Shared/InstrumentParameterEditor.swift"; sourceTree = SOURCE_ROOT;};
96A44650443C9461B4228B51 = {isa = PBXFileReference; lastKnownFileType = sourcecode.swift; path = "Apple/Shared/ItemGainPreview.swift"; sourceTree = SOURCE_ROOT;};
C636B630153FC746BB4C42BE = {isa = PBXFileReference; lastKnownFileType = sourcecode.swift; path = "Apple/Shared/ItemNormalization.swift"; sourceTree = SOURCE_ROOT;};
23A77DC795631F9E16D35466 = {isa = PBXFileReference; lastKnownFileType = sourcecode.swift; path = "Apple/Shared/ItemReRender.swift"; sourceTree = SOURCE_ROOT;};
7E402FCEE826FD2332E8A934 = {isa = PBXFileReference; lastKnownFileType = sourcecode.swift; path = "Apple/Shared/JarasLiveApp.swift"; sourceTree = SOURCE_ROOT;};
D1FC0A9CD45E72E933B9EB23 = {isa = PBXFileReference; lastKnownFileType = sourcecode.swift; path = "Apple/Shared/LiveRecordingPreview.swift"; sourceTree = SOURCE_ROOT;};
4507623203A5920F28A8AC20 = {isa = PBXFileReference; lastKnownFileType = sourcecode.swift; path = "Apple/Shared/LoginView.swift"; sourceTree = SOURCE_ROOT;};
AE08AF799CD741197B9E4CD7 = {isa = PBXFileReference; lastKnownFileType = sourcecode.swift; path = "Apple/Shared/MainView.swift"; sourceTree = SOURCE_ROOT;};
734EF32C735F6C2EEF555FFE = {isa = PBXFileReference; lastKnownFileType = sourcecode.swift; path = "Apple/Shared/MediaProcessingSettings.swift"; sourceTree = SOURCE_ROOT;};
165FADB179F8C541238ECC61 = {isa = PBXFileReference; lastKnownFileType = sourcecode.swift; path = "Apple/Shared/MultiLoopsEditor.swift"; sourceTree = SOURCE_ROOT;};
9CCD078A8919FA3EFA2B6FF8 = {isa = PBXFileReference; lastKnownFileType = sourcecode.swift; path = "Apple/Shared/NativeEffectsChain.swift"; sourceTree = SOURCE_ROOT;};
FE41F983F44F3A49142C32E3 = {isa = PBXFileReference; lastKnownFileType = sourcecode.swift; path = "Apple/Shared/NativeTimelineInputGate.swift"; sourceTree = SOURCE_ROOT;};
D644554C3A1B33E4F141370B = {isa = PBXFileReference; lastKnownFileType = sourcecode.swift; path = "Apple/Shared/NativeTooltips.swift"; sourceTree = SOURCE_ROOT;};
71268EAA766FFA93614B6561 = {isa = PBXFileReference; lastKnownFileType = sourcecode.swift; path = "Apple/Shared/OfflineAudioExport.swift"; sourceTree = SOURCE_ROOT;};
FCC355F185A4CE633CE4BC2F = {isa = PBXFileReference; lastKnownFileType = sourcecode.swift; path = "Apple/Shared/PluginCatalog.swift"; sourceTree = SOURCE_ROOT;};
F3ED7A0763255A9EE46BC936 = {isa = PBXFileReference; lastKnownFileType = sourcecode.swift; path = "Apple/Shared/ProjectDocuments.swift"; sourceTree = SOURCE_ROOT;};
C59AF674562AF4448E5258A3 = {isa = PBXFileReference; lastKnownFileType = sourcecode.swift; path = "Apple/Shared/ProjectionWindow.swift"; sourceTree = SOURCE_ROOT;};
9A30E3F31C22E9C740AA0B01 = {isa = PBXFileReference; lastKnownFileType = sourcecode.swift; path = "Apple/Shared/RegionEditor.swift"; sourceTree = SOURCE_ROOT;};
7036808CDA6EA116DCF71ECB = {isa = PBXFileReference; lastKnownFileType = sourcecode.swift; path = "Apple/Shared/ResourceUsageView.swift"; sourceTree = SOURCE_ROOT;};
C20D5FEA9463189EA34135D9 = {isa = PBXFileReference; lastKnownFileType = sourcecode.swift; path = "Apple/Shared/RightClickRouting.swift"; sourceTree = SOURCE_ROOT;};
8739E8D2E458557044DEE958 = {isa = PBXFileReference; lastKnownFileType = sourcecode.swift; path = "Apple/Shared/SettingsView.swift"; sourceTree = SOURCE_ROOT;};
9247CF8624EE3B7112D8CF0C = {isa = PBXFileReference; lastKnownFileType = sourcecode.swift; path = "Apple/Shared/SidebarView.swift"; sourceTree = SOURCE_ROOT;};
A040AD7248008141F20C4100 = {isa = PBXFileReference; lastKnownFileType = sourcecode.swift; path = "Apple/Shared/SongListView.swift"; sourceTree = SOURCE_ROOT;};
52146F08E8BE8683394242FA = {isa = PBXFileReference; lastKnownFileType = sourcecode.swift; path = "Apple/Shared/StemAudioPlayback.swift"; sourceTree = SOURCE_ROOT;};
496EF092B48B0C8D93F0B809 = {isa = PBXFileReference; lastKnownFileType = sourcecode.swift; path = "Apple/Shared/TeleprompterConfig.swift"; sourceTree = SOURCE_ROOT;};
13FE935476BB68F6D4F6F11F = {isa = PBXFileReference; lastKnownFileType = sourcecode.swift; path = "Apple/Shared/TeleprompterRemote.swift"; sourceTree = SOURCE_ROOT;};
49ECD51D147DD10DB59272A2 = {isa = PBXFileReference; lastKnownFileType = sourcecode.swift; path = "Apple/Shared/TeleprompterTimerControl.swift"; sourceTree = SOURCE_ROOT;};
BE00D723AA47A2CCEEF71482 = {isa = PBXFileReference; lastKnownFileType = sourcecode.swift; path = "Apple/Shared/TeleprompterTimerController.swift"; sourceTree = SOURCE_ROOT;};
FD90F39BDFCAF9CFA53AC502 = {isa = PBXFileReference; lastKnownFileType = sourcecode.swift; path = "Apple/Shared/TeleprompterWindow.swift"; sourceTree = SOURCE_ROOT;};
BE7B81781248FCFAFFFEDDC1 = {isa = PBXFileReference; lastKnownFileType = sourcecode.swift; path = "Apple/Shared/TextItemEditor.swift"; sourceTree = SOURCE_ROOT;};
8AAF350CDB57715F42A6876E = {isa = PBXFileReference; lastKnownFileType = sourcecode.swift; path = "Apple/Shared/Theme.swift"; sourceTree = SOURCE_ROOT;};
90D8D0DDA4A2C68F5A0D4D74 = {isa = PBXFileReference; lastKnownFileType = sourcecode.swift; path = "Apple/Shared/TimecodeOptions.swift"; sourceTree = SOURCE_ROOT;};
43CE5303331AB21F9298C66C = {isa = PBXFileReference; lastKnownFileType = sourcecode.swift; path = "Apple/Shared/TimelineAudioWaveform.swift"; sourceTree = SOURCE_ROOT;};
AA2F622B38F55D11CCFEDA99 = {isa = PBXFileReference; lastKnownFileType = sourcecode.swift; path = "Apple/Shared/TimelineGridView.swift"; sourceTree = SOURCE_ROOT;};
765B13A8893024142CB240A2 = {isa = PBXFileReference; lastKnownFileType = sourcecode.swift; path = "Apple/Shared/TimelineWheelInput.swift"; sourceTree = SOURCE_ROOT;};
24A0F93444D6B146A5226C71 = {isa = PBXFileReference; lastKnownFileType = sourcecode.swift; path = "Apple/Shared/TrackMixerRow.swift"; sourceTree = SOURCE_ROOT;};
CBFE6E158BE2341E2C07D4BB = {isa = PBXFileReference; lastKnownFileType = sourcecode.swift; path = "Apple/Shared/TrackRecording.swift"; sourceTree = SOURCE_ROOT;};
2F1D6F82A880A429310F7946 = {isa = PBXFileReference; lastKnownFileType = sourcecode.swift; path = "Apple/Shared/TransportView.swift"; sourceTree = SOURCE_ROOT;};
B0C64E4B9F55413510E6BCE8 = {isa = PBXFileReference; lastKnownFileType = sourcecode.swift; path = "Apple/Shared/VideoMediaSettings.swift"; sourceTree = SOURCE_ROOT;};
923BFCF78937E7B2897E5791 = {isa = PBXFileReference; lastKnownFileType = sourcecode.swift; path = "Apple/Shared/VideoPlayback.swift"; sourceTree = SOURCE_ROOT;};
21DA255B8716BD328F6B0614 = {isa = PBXFileReference; lastKnownFileType = sourcecode.swift; path = "Application/Account/AccountModels.swift"; sourceTree = SOURCE_ROOT;};
6A46DCC533DD7855699CE05D = {isa = PBXFileReference; lastKnownFileType = sourcecode.swift; path = "Application/AppState/Commands.swift"; sourceTree = SOURCE_ROOT;};
4D40E8B0343F56A74EE3DA5E = {isa = PBXFileReference; lastKnownFileType = sourcecode.swift; path = "Application/AppState/ShowController.swift"; sourceTree = SOURCE_ROOT;};
166A3BD353D2BB38BC66DC8A = {isa = PBXFileReference; lastKnownFileType = sourcecode.swift; path = "Application/Auth/AuthService.swift"; sourceTree = SOURCE_ROOT;};
B7D988CA9938FCB635D34E56 = {isa = PBXFileReference; lastKnownFileType = sourcecode.swift; path = "Application/Auth/SecureStore.swift"; sourceTree = SOURCE_ROOT;};
44AAC3F6BCC0AEF8342964DE = {isa = PBXFileReference; lastKnownFileType = sourcecode.swift; path = "Application/Backend/BackendClient.swift"; sourceTree = SOURCE_ROOT;};
58FDD6B35882723C104E6B9D = {isa = PBXFileReference; lastKnownFileType = sourcecode.swift; path = "Application/Backend/MockBackendClient.swift"; sourceTree = SOURCE_ROOT;};
2CEB331ABE2CDC199900BF26 = {isa = PBXFileReference; lastKnownFileType = sourcecode.swift; path = "Application/Controls/ControlInput.swift"; sourceTree = SOURCE_ROOT;};
B929D350FCF20127528FC0CF = {isa = PBXFileReference; lastKnownFileType = sourcecode.swift; path = "Application/Controls/DAWActions.swift"; sourceTree = SOURCE_ROOT;};
E516069EFC2CE2BC9B052D3D = {isa = PBXFileReference; lastKnownFileType = sourcecode.swift; path = "Application/Controls/NativeFXParameter.swift"; sourceTree = SOURCE_ROOT;};
A2B2210FCA80DD1ECAA2987D = {isa = PBXFileReference; lastKnownFileType = sourcecode.swift; path = "Application/Devices/DeviceAuthorizationService.swift"; sourceTree = SOURCE_ROOT;};
6EB884A8DF43882747E68AB0 = {isa = PBXFileReference; lastKnownFileType = sourcecode.swift; path = "Application/Export/AudioExportPlan.swift"; sourceTree = SOURCE_ROOT;};
7C664F299C198289073581EE = {isa = PBXFileReference; lastKnownFileType = sourcecode.swift; path = "Application/Licensing/EntitlementService.swift"; sourceTree = SOURCE_ROOT;};
3C756AF2E92A72D1FA5CC42F = {isa = PBXFileReference; lastKnownFileType = sourcecode.swift; path = "Application/Project/ClickTempoDetector.swift"; sourceTree = SOURCE_ROOT;};
F4741742AFD5B134A8A716FD = {isa = PBXFileReference; lastKnownFileType = sourcecode.swift; path = "Application/Project/ClipRepetition.swift"; sourceTree = SOURCE_ROOT;};
9A9FA4B8F5336A646F2860EB = {isa = PBXFileReference; lastKnownFileType = sourcecode.swift; path = "Application/Project/FolderImportSelection.swift"; sourceTree = SOURCE_ROOT;};
2E51AEE5222BC4A3A47D8E8F = {isa = PBXFileReference; lastKnownFileType = sourcecode.swift; path = "Application/Project/GridItemClipboard.swift"; sourceTree = SOURCE_ROOT;};
B93C5ABA58D328B63ED4EBC2 = {isa = PBXFileReference; lastKnownFileType = sourcecode.swift; path = "Application/Project/HookImportRules.swift"; sourceTree = SOURCE_ROOT;};
D601580918ABC4AEA030BD91 = {isa = PBXFileReference; lastKnownFileType = sourcecode.swift; path = "Application/Project/MIDIFaderValue.swift"; sourceTree = SOURCE_ROOT;};
F526D8288A9D9BA63ACF87EF = {isa = PBXFileReference; lastKnownFileType = sourcecode.swift; path = "Application/Project/MediaFileNames.swift"; sourceTree = SOURCE_ROOT;};
2EE1E108614C95C7E10D6FFF = {isa = PBXFileReference; lastKnownFileType = sourcecode.swift; path = "Application/Project/MultiLoop.swift"; sourceTree = SOURCE_ROOT;};
6D3CD518C556A5E2A9BC0923 = {isa = PBXFileReference; lastKnownFileType = sourcecode.swift; path = "Application/Project/NativeFXSettings.swift"; sourceTree = SOURCE_ROOT;};
53F9AEFD08B7D234B79184EF = {isa = PBXFileReference; lastKnownFileType = sourcecode.swift; path = "Application/Project/OutputPatch.swift"; sourceTree = SOURCE_ROOT;};
2F66218029A261495023AE3A = {isa = PBXFileReference; lastKnownFileType = sourcecode.swift; path = "Application/Project/ProjectCursorMemory.swift"; sourceTree = SOURCE_ROOT;};
4021E7C24F89248F07ED3DF7 = {isa = PBXFileReference; lastKnownFileType = sourcecode.swift; path = "Application/Project/ProjectDocumentAppearance.swift"; sourceTree = SOURCE_ROOT;};
93DB2E8F5D566CF223948B12 = {isa = PBXFileReference; lastKnownFileType = sourcecode.swift; path = "Application/Project/ProjectDocumentCodec.swift"; sourceTree = SOURCE_ROOT;};
C201F79AAFF88F4133E78B0E = {isa = PBXFileReference; lastKnownFileType = sourcecode.swift; path = "Application/Project/ProjectEditing.swift"; sourceTree = SOURCE_ROOT;};
DF7C2CB63BBC2BB816DB65D5 = {isa = PBXFileReference; lastKnownFileType = sourcecode.swift; path = "Application/Project/ProjectMediaCleanup.swift"; sourceTree = SOURCE_ROOT;};
179724D8A13C91AD4CF8342C = {isa = PBXFileReference; lastKnownFileType = sourcecode.swift; path = "Application/Project/ProjectModels.swift"; sourceTree = SOURCE_ROOT;};
D16C1B8ACEADEC6EF2211001 = {isa = PBXFileReference; lastKnownFileType = sourcecode.swift; path = "Application/Project/ProjectStore.swift"; sourceTree = SOURCE_ROOT;};
B83BF9F23AA9BCF26F346E21 = {isa = PBXFileReference; lastKnownFileType = sourcecode.swift; path = "Application/Project/RecordingOverview.swift"; sourceTree = SOURCE_ROOT;};
5450906CFFD0132D184B2596 = {isa = PBXFileReference; lastKnownFileType = sourcecode.swift; path = "Application/Project/StemProjectImporter.swift"; sourceTree = SOURCE_ROOT;};
5CD890FA78A14486CA728463 = {isa = PBXFileReference; lastKnownFileType = sourcecode.swift; path = "Application/Project/TeleprompterSettings.swift"; sourceTree = SOURCE_ROOT;};
8078F4FC28E01B81114DB0DF = {isa = PBXFileReference; lastKnownFileType = sourcecode.swift; path = "Application/Project/TeleprompterTimer.swift"; sourceTree = SOURCE_ROOT;};
653AE5773C9DA6EF8E2CC2B8 = {isa = PBXFileReference; lastKnownFileType = sourcecode.swift; path = "Application/Project/TimelineTempo.swift"; sourceTree = SOURCE_ROOT;};
D5AA3D6EE1B52E9CA5DCA7DD = {isa = PBXFileReference; lastKnownFileType = sourcecode.swift; path = "Application/Project/TrackRouting.swift"; sourceTree = SOURCE_ROOT;};
2CD5DA93249C9B2ED4E3C768 = {isa = PBXFileReference; lastKnownFileType = sourcecode.cpp.h; path = "Core/Audio/AudioEngine.hpp"; sourceTree = SOURCE_ROOT;};
0099FCE7DA06FCE544F5E4B1 = {isa = PBXFileReference; lastKnownFileType = sourcecode.cpp.h; path = "Core/Import/ProjectImporter.hpp"; sourceTree = SOURCE_ROOT;};
F71F35775D048424E5ACB8C7 = {isa = PBXFileReference; lastKnownFileType = sourcecode.cpp.cpp; path = "Core/Import/TrackTaxonomy.cpp"; sourceTree = SOURCE_ROOT;};
26CD4E609A89BD4E5D2910FA = {isa = PBXFileReference; lastKnownFileType = sourcecode.cpp.h; path = "Core/Import/TrackTaxonomy.hpp"; sourceTree = SOURCE_ROOT;};
B9D4D11EC77D86C7B28E5FBB = {isa = PBXFileReference; lastKnownFileType = sourcecode.cpp.h; path = "Core/Loop/LoopState.hpp"; sourceTree = SOURCE_ROOT;};
8B3345AF6019E6A2E490FB7A = {isa = PBXFileReference; lastKnownFileType = sourcecode.cpp.h; path = "Core/Loop/MultiLoop.hpp"; sourceTree = SOURCE_ROOT;};
B65C56AF85200667F4E2AB0A = {isa = PBXFileReference; lastKnownFileType = sourcecode.cpp.h; path = "Core/MIDI/ControlBinding.hpp"; sourceTree = SOURCE_ROOT;};
D15ECC26C2FB84957B9BAC68 = {isa = PBXFileReference; lastKnownFileType = sourcecode.cpp.h; path = "Core/Mixer/MixerState.hpp"; sourceTree = SOURCE_ROOT;};
2453221F28F676B17D0B1F75 = {isa = PBXFileReference; lastKnownFileType = sourcecode.cpp.h; path = "Core/Parts/Part.hpp"; sourceTree = SOURCE_ROOT;};
8577F8AC8BF49AAE011E0400 = {isa = PBXFileReference; lastKnownFileType = sourcecode.cpp.cpp; path = "Core/Project/Models.cpp"; sourceTree = SOURCE_ROOT;};
09E6749AA543369FF37E7A4E = {isa = PBXFileReference; lastKnownFileType = sourcecode.cpp.h; path = "Core/Project/Models.hpp"; sourceTree = SOURCE_ROOT;};
B9E7994C00556A67BE7E69E7 = {isa = PBXFileReference; lastKnownFileType = sourcecode.cpp.h; path = "Core/Queue/Queue.hpp"; sourceTree = SOURCE_ROOT;};
D066C1655E3D32A2C233BD8A = {isa = PBXFileReference; lastKnownFileType = sourcecode.cpp.h; path = "Core/Serialization/ProjectCodec.hpp"; sourceTree = SOURCE_ROOT;};
1D3E3971E820DBC425210B63 = {isa = PBXFileReference; lastKnownFileType = sourcecode.cpp.h; path = "Core/Songs/Song.hpp"; sourceTree = SOURCE_ROOT;};
9808318186F829232BB6638D = {isa = PBXFileReference; lastKnownFileType = sourcecode.cpp.h; path = "Core/Sync/CommandEnvelope.hpp"; sourceTree = SOURCE_ROOT;};
AED2D53C45489229E82D071C = {isa = PBXFileReference; lastKnownFileType = sourcecode.c.c; path = "Core/ThirdParty/EBUR128/ebur128.c"; sourceTree = SOURCE_ROOT;};
9D31BB551F92D739B5EC3D14 = {isa = PBXFileReference; lastKnownFileType = sourcecode.c.h; path = "Core/ThirdParty/EBUR128/ebur128.h"; sourceTree = SOURCE_ROOT;};
FD5F7D9DF8306F5EE359529E = {isa = PBXFileReference; lastKnownFileType = sourcecode.c.h; path = "Core/ThirdParty/EBUR128/queue/sys/queue.h"; sourceTree = SOURCE_ROOT;};
2E7D8666FC3CEB7B1D1E6227 = {isa = PBXFileReference; lastKnownFileType = sourcecode.c.c; path = "Core/ThirdParty/Lame/VbrTag.c"; sourceTree = SOURCE_ROOT;};
2E9C7262E9EA63DDFAE96748 = {isa = PBXFileReference; lastKnownFileType = sourcecode.c.h; path = "Core/ThirdParty/Lame/VbrTag.h"; sourceTree = SOURCE_ROOT;};
D276C1CFD651C5E5F2EEFDA3 = {isa = PBXFileReference; lastKnownFileType = sourcecode.c.c; path = "Core/ThirdParty/Lame/bitstream.c"; sourceTree = SOURCE_ROOT;};
0AB877346DF77ADA11DDD9C8 = {isa = PBXFileReference; lastKnownFileType = sourcecode.c.h; path = "Core/ThirdParty/Lame/bitstream.h"; sourceTree = SOURCE_ROOT;};
C57E3531500A9151A1BE56DC = {isa = PBXFileReference; lastKnownFileType = sourcecode.c.h; path = "Core/ThirdParty/Lame/config.h"; sourceTree = SOURCE_ROOT;};
5BFB7A267ED96BA3D46831C0 = {isa = PBXFileReference; lastKnownFileType = sourcecode.c.c; path = "Core/ThirdParty/Lame/encoder.c"; sourceTree = SOURCE_ROOT;};
004A51E6BFFECA1754C048BA = {isa = PBXFileReference; lastKnownFileType = sourcecode.c.h; path = "Core/ThirdParty/Lame/encoder.h"; sourceTree = SOURCE_ROOT;};
B9D270FE69B1D65D1760B343 = {isa = PBXFileReference; lastKnownFileType = sourcecode.c.c; path = "Core/ThirdParty/Lame/fft.c"; sourceTree = SOURCE_ROOT;};
71632557CC59D4F710357C19 = {isa = PBXFileReference; lastKnownFileType = sourcecode.c.h; path = "Core/ThirdParty/Lame/fft.h"; sourceTree = SOURCE_ROOT;};
51AC959F864E975F379122C6 = {isa = PBXFileReference; lastKnownFileType = sourcecode.c.c; path = "Core/ThirdParty/Lame/gain_analysis.c"; sourceTree = SOURCE_ROOT;};
9AF94393119222ADA0EAB30A = {isa = PBXFileReference; lastKnownFileType = sourcecode.c.h; path = "Core/ThirdParty/Lame/gain_analysis.h"; sourceTree = SOURCE_ROOT;};
6528D693E12BCB6876D7A946 = {isa = PBXFileReference; lastKnownFileType = sourcecode.c.c; path = "Core/ThirdParty/Lame/id3tag.c"; sourceTree = SOURCE_ROOT;};
DB1E18416BE4FFF60B4AFEBC = {isa = PBXFileReference; lastKnownFileType = sourcecode.c.h; path = "Core/ThirdParty/Lame/id3tag.h"; sourceTree = SOURCE_ROOT;};
06A368F3C31A3F7549D680C4 = {isa = PBXFileReference; lastKnownFileType = sourcecode.c.h; path = "Core/ThirdParty/Lame/l3side.h"; sourceTree = SOURCE_ROOT;};
0C60051BB3909C896BE1BE94 = {isa = PBXFileReference; lastKnownFileType = sourcecode.c.h; path = "Core/ThirdParty/Lame/lame-analysis.h"; sourceTree = SOURCE_ROOT;};
78B1D4817A38784619AFC6D6 = {isa = PBXFileReference; lastKnownFileType = sourcecode.c.c; path = "Core/ThirdParty/Lame/lame.c"; sourceTree = SOURCE_ROOT;};
B50EF4AA55EAA800B21096EA = {isa = PBXFileReference; lastKnownFileType = sourcecode.c.h; path = "Core/ThirdParty/Lame/lame.h"; sourceTree = SOURCE_ROOT;};
4AC576E1C2ECCB9AE9B34F3A = {isa = PBXFileReference; lastKnownFileType = sourcecode.c.h; path = "Core/ThirdParty/Lame/lame_global_flags.h"; sourceTree = SOURCE_ROOT;};
71C1D421DC2638481E183A86 = {isa = PBXFileReference; lastKnownFileType = sourcecode.c.h; path = "Core/ThirdParty/Lame/lameerror.h"; sourceTree = SOURCE_ROOT;};
8104217BD5B0E4F9B1A4FFBC = {isa = PBXFileReference; lastKnownFileType = sourcecode.c.h; path = "Core/ThirdParty/Lame/machine.h"; sourceTree = SOURCE_ROOT;};
426C4F7E1FBDD3AFE784B60F = {isa = PBXFileReference; lastKnownFileType = sourcecode.c.c; path = "Core/ThirdParty/Lame/mpglib_interface.c"; sourceTree = SOURCE_ROOT;};
F7087948A14AE669DE232E4D = {isa = PBXFileReference; lastKnownFileType = sourcecode.c.c; path = "Core/ThirdParty/Lame/newmdct.c"; sourceTree = SOURCE_ROOT;};
384F0C6293ED5366E6112360 = {isa = PBXFileReference; lastKnownFileType = sourcecode.c.h; path = "Core/ThirdParty/Lame/newmdct.h"; sourceTree = SOURCE_ROOT;};
7AC6194A2797AB621298D571 = {isa = PBXFileReference; lastKnownFileType = sourcecode.c.c; path = "Core/ThirdParty/Lame/presets.c"; sourceTree = SOURCE_ROOT;};
344E4F751A49392AD287C8B8 = {isa = PBXFileReference; lastKnownFileType = sourcecode.c.c; path = "Core/ThirdParty/Lame/psymodel.c"; sourceTree = SOURCE_ROOT;};
578C644EDFEE7AC2659B8CC4 = {isa = PBXFileReference; lastKnownFileType = sourcecode.c.h; path = "Core/ThirdParty/Lame/psymodel.h"; sourceTree = SOURCE_ROOT;};
27589FD49FD9B9A1B3B8FDE6 = {isa = PBXFileReference; lastKnownFileType = sourcecode.c.c; path = "Core/ThirdParty/Lame/quantize.c"; sourceTree = SOURCE_ROOT;};
BD08F65D4DF979D8581FC199 = {isa = PBXFileReference; lastKnownFileType = sourcecode.c.h; path = "Core/ThirdParty/Lame/quantize.h"; sourceTree = SOURCE_ROOT;};
CE8D00C05A13BAF497A14176 = {isa = PBXFileReference; lastKnownFileType = sourcecode.c.c; path = "Core/ThirdParty/Lame/quantize_pvt.c"; sourceTree = SOURCE_ROOT;};
19AA2C66AFE811C01BBA205B = {isa = PBXFileReference; lastKnownFileType = sourcecode.c.h; path = "Core/ThirdParty/Lame/quantize_pvt.h"; sourceTree = SOURCE_ROOT;};
40C1B85897C959A2898AAF6A = {isa = PBXFileReference; lastKnownFileType = sourcecode.c.c; path = "Core/ThirdParty/Lame/reservoir.c"; sourceTree = SOURCE_ROOT;};
712CFCE92AD6C0B0FB6EB21C = {isa = PBXFileReference; lastKnownFileType = sourcecode.c.h; path = "Core/ThirdParty/Lame/reservoir.h"; sourceTree = SOURCE_ROOT;};
105AE4739348AB17334F2B9B = {isa = PBXFileReference; lastKnownFileType = sourcecode.c.c; path = "Core/ThirdParty/Lame/set_get.c"; sourceTree = SOURCE_ROOT;};
0CC409682613D92B7BCC15C0 = {isa = PBXFileReference; lastKnownFileType = sourcecode.c.h; path = "Core/ThirdParty/Lame/set_get.h"; sourceTree = SOURCE_ROOT;};
72358320D6DD77E77247AF1A = {isa = PBXFileReference; lastKnownFileType = sourcecode.c.c; path = "Core/ThirdParty/Lame/tables.c"; sourceTree = SOURCE_ROOT;};
66DA3933630B607CCD7893A0 = {isa = PBXFileReference; lastKnownFileType = sourcecode.c.h; path = "Core/ThirdParty/Lame/tables.h"; sourceTree = SOURCE_ROOT;};
75231DDE408E04E73E1A843E = {isa = PBXFileReference; lastKnownFileType = sourcecode.c.c; path = "Core/ThirdParty/Lame/takehiro.c"; sourceTree = SOURCE_ROOT;};
3280731D96B4BA3B52CA77A7 = {isa = PBXFileReference; lastKnownFileType = sourcecode.c.c; path = "Core/ThirdParty/Lame/util.c"; sourceTree = SOURCE_ROOT;};
2CC29275CDCC0F53151D1F47 = {isa = PBXFileReference; lastKnownFileType = sourcecode.c.h; path = "Core/ThirdParty/Lame/util.h"; sourceTree = SOURCE_ROOT;};
29EC927C74CED7B7571220D9 = {isa = PBXFileReference; lastKnownFileType = sourcecode.c.c; path = "Core/ThirdParty/Lame/vbrquantize.c"; sourceTree = SOURCE_ROOT;};
BA2E0490A1EC48594FE5C3C6 = {isa = PBXFileReference; lastKnownFileType = sourcecode.c.h; path = "Core/ThirdParty/Lame/vbrquantize.h"; sourceTree = SOURCE_ROOT;};
B47DEFE2C58F1ED63723F38A = {isa = PBXFileReference; lastKnownFileType = sourcecode.c.h; path = "Core/ThirdParty/Lame/vector/lame_intrin.h"; sourceTree = SOURCE_ROOT;};
648515716000204E8FD1219E = {isa = PBXFileReference; lastKnownFileType = sourcecode.c.c; path = "Core/ThirdParty/Lame/version.c"; sourceTree = SOURCE_ROOT;};
2C562CE8B6FB7D63CEB2EA50 = {isa = PBXFileReference; lastKnownFileType = sourcecode.c.h; path = "Core/ThirdParty/Lame/version.h"; sourceTree = SOURCE_ROOT;};
9502149821EBA4D28D8C19D9 = {isa = PBXFileReference; lastKnownFileType = sourcecode.c.h; path = "Core/ThirdParty/TinySoundFont/tsf.h"; sourceTree = SOURCE_ROOT;};
B457D9B3ED3FC8726D79584F = {isa = PBXFileReference; lastKnownFileType = sourcecode.cpp.cpp; path = "Core/ThirdParty/VST3/pluginterfaces/base/conststringtable.cpp"; sourceTree = SOURCE_ROOT;};
95C7537F5AA88629B7039409 = {isa = PBXFileReference; lastKnownFileType = sourcecode.c.h; path = "Core/ThirdParty/VST3/pluginterfaces/base/conststringtable.h"; sourceTree = SOURCE_ROOT;};
F9CB230A3B8426BE77B54DFD = {isa = PBXFileReference; lastKnownFileType = sourcecode.cpp.cpp; path = "Core/ThirdParty/VST3/pluginterfaces/base/coreiids.cpp"; sourceTree = SOURCE_ROOT;};
CF73E39950A376A7F7115688 = {isa = PBXFileReference; lastKnownFileType = sourcecode.c.h; path = "Core/ThirdParty/VST3/pluginterfaces/base/doc.h"; sourceTree = SOURCE_ROOT;};
D7E096B9C1F04166C2E6B0D3 = {isa = PBXFileReference; lastKnownFileType = sourcecode.c.h; path = "Core/ThirdParty/VST3/pluginterfaces/base/falignpop.h"; sourceTree = SOURCE_ROOT;};
6EAB42F70F5CB8084D68E2DA = {isa = PBXFileReference; lastKnownFileType = sourcecode.c.h; path = "Core/ThirdParty/VST3/pluginterfaces/base/falignpush.h"; sourceTree = SOURCE_ROOT;};
4F41D5869703A881F52C3A3E = {isa = PBXFileReference; lastKnownFileType = sourcecode.c.h; path = "Core/ThirdParty/VST3/pluginterfaces/base/fplatform.h"; sourceTree = SOURCE_ROOT;};
93E1298380C162D94E5718A0 = {isa = PBXFileReference; lastKnownFileType = sourcecode.c.h; path = "Core/ThirdParty/VST3/pluginterfaces/base/fstrdefs.h"; sourceTree = SOURCE_ROOT;};
DA70AE5CA11B5A33BA802FD6 = {isa = PBXFileReference; lastKnownFileType = sourcecode.c.h; path = "Core/ThirdParty/VST3/pluginterfaces/base/ftypes.h"; sourceTree = SOURCE_ROOT;};
2302138D0050438E65E1C6C4 = {isa = PBXFileReference; lastKnownFileType = sourcecode.cpp.cpp; path = "Core/ThirdParty/VST3/pluginterfaces/base/funknown.cpp"; sourceTree = SOURCE_ROOT;};
0C647EF13E8BBBABFD530EF1 = {isa = PBXFileReference; lastKnownFileType = sourcecode.c.h; path = "Core/ThirdParty/VST3/pluginterfaces/base/funknown.h"; sourceTree = SOURCE_ROOT;};
E682B61683C9A79EB94E8B92 = {isa = PBXFileReference; lastKnownFileType = sourcecode.c.h; path = "Core/ThirdParty/VST3/pluginterfaces/base/funknownimpl.h"; sourceTree = SOURCE_ROOT;};
3A282A92405CEDA93836DD84 = {isa = PBXFileReference; lastKnownFileType = sourcecode.c.h; path = "Core/ThirdParty/VST3/pluginterfaces/base/futils.h"; sourceTree = SOURCE_ROOT;};
D824FAD6408A68E0C61DD08C = {isa = PBXFileReference; lastKnownFileType = sourcecode.c.h; path = "Core/ThirdParty/VST3/pluginterfaces/base/fvariant.h"; sourceTree = SOURCE_ROOT;};
379DB034EA31AC924B249C01 = {isa = PBXFileReference; lastKnownFileType = sourcecode.c.h; path = "Core/ThirdParty/VST3/pluginterfaces/base/geoconstants.h"; sourceTree = SOURCE_ROOT;};
808736FB8D03D650C7E0302E = {isa = PBXFileReference; lastKnownFileType = sourcecode.c.h; path = "Core/ThirdParty/VST3/pluginterfaces/base/ibstream.h"; sourceTree = SOURCE_ROOT;};
6D51F6FE3F4328C450403E8E = {isa = PBXFileReference; lastKnownFileType = sourcecode.c.h; path = "Core/ThirdParty/VST3/pluginterfaces/base/icloneable.h"; sourceTree = SOURCE_ROOT;};
2677593C80D1812CD03C91BC = {isa = PBXFileReference; lastKnownFileType = sourcecode.c.h; path = "Core/ThirdParty/VST3/pluginterfaces/base/ierrorcontext.h"; sourceTree = SOURCE_ROOT;};
ADD118A79E95056530A2DB64 = {isa = PBXFileReference; lastKnownFileType = sourcecode.c.h; path = "Core/ThirdParty/VST3/pluginterfaces/base/ipersistent.h"; sourceTree = SOURCE_ROOT;};
E17703E8A00FC17A514E4168 = {isa = PBXFileReference; lastKnownFileType = sourcecode.c.h; path = "Core/ThirdParty/VST3/pluginterfaces/base/ipluginbase.h"; sourceTree = SOURCE_ROOT;};
9E2DBD6BAC8E5235584E20C1 = {isa = PBXFileReference; lastKnownFileType = sourcecode.c.h; path = "Core/ThirdParty/VST3/pluginterfaces/base/iplugincompatibility.h"; sourceTree = SOURCE_ROOT;};
09B097308FF71F16BAB78DE9 = {isa = PBXFileReference; lastKnownFileType = sourcecode.c.h; path = "Core/ThirdParty/VST3/pluginterfaces/base/istringresult.h"; sourceTree = SOURCE_ROOT;};
60B61A5C17F2638EB3AFFA5F = {isa = PBXFileReference; lastKnownFileType = sourcecode.c.h; path = "Core/ThirdParty/VST3/pluginterfaces/base/iupdatehandler.h"; sourceTree = SOURCE_ROOT;};
C340321E3F5EFF940ECC8A93 = {isa = PBXFileReference; lastKnownFileType = sourcecode.c.h; path = "Core/ThirdParty/VST3/pluginterfaces/base/keycodes.h"; sourceTree = SOURCE_ROOT;};
0F50ED02D0305E3687566641 = {isa = PBXFileReference; lastKnownFileType = sourcecode.c.h; path = "Core/ThirdParty/VST3/pluginterfaces/base/pluginbasefwd.h"; sourceTree = SOURCE_ROOT;};
B6E823922FC147E881CA78F9 = {isa = PBXFileReference; lastKnownFileType = sourcecode.c.h; path = "Core/ThirdParty/VST3/pluginterfaces/base/smartpointer.h"; sourceTree = SOURCE_ROOT;};
70AA2CBB3D23FD645E643E89 = {isa = PBXFileReference; lastKnownFileType = sourcecode.c.h; path = "Core/ThirdParty/VST3/pluginterfaces/base/typesizecheck.h"; sourceTree = SOURCE_ROOT;};
FD2D4DED179BF0BFEBD4EEDD = {isa = PBXFileReference; lastKnownFileType = sourcecode.c.h; path = "Core/ThirdParty/VST3/pluginterfaces/base/ucolorspec.h"; sourceTree = SOURCE_ROOT;};
55E7DB05EF2AB670ABFBD52E = {isa = PBXFileReference; lastKnownFileType = sourcecode.cpp.cpp; path = "Core/ThirdParty/VST3/pluginterfaces/base/ustring.cpp"; sourceTree = SOURCE_ROOT;};
9FA78AD647027A246296EB78 = {isa = PBXFileReference; lastKnownFileType = sourcecode.c.h; path = "Core/ThirdParty/VST3/pluginterfaces/base/ustring.h"; sourceTree = SOURCE_ROOT;};
F337175D243EBA3AD9A0F138 = {isa = PBXFileReference; lastKnownFileType = sourcecode.c.h; path = "Core/ThirdParty/VST3/pluginterfaces/gui/iplugview.h"; sourceTree = SOURCE_ROOT;};
B98918CF601A64EB5C5A1A22 = {isa = PBXFileReference; lastKnownFileType = sourcecode.c.h; path = "Core/ThirdParty/VST3/pluginterfaces/gui/iplugviewcontentscalesupport.h"; sourceTree = SOURCE_ROOT;};
51D566E33B4809F935A7B32A = {isa = PBXFileReference; lastKnownFileType = sourcecode.c.h; path = "Core/ThirdParty/VST3/pluginterfaces/gui/iwaylandframe.h"; sourceTree = SOURCE_ROOT;};
B44654C0A5B23D76EA74D693 = {isa = PBXFileReference; lastKnownFileType = sourcecode.c.h; path = "Core/ThirdParty/VST3/pluginterfaces/vst/ivstattributes.h"; sourceTree = SOURCE_ROOT;};
62DE4F55AA22BE6CF9328A9F = {isa = PBXFileReference; lastKnownFileType = sourcecode.c.h; path = "Core/ThirdParty/VST3/pluginterfaces/vst/ivstaudioprocessor.h"; sourceTree = SOURCE_ROOT;};
929B6F4F552E65F9CE88E27C = {isa = PBXFileReference; lastKnownFileType = sourcecode.c.h; path = "Core/ThirdParty/VST3/pluginterfaces/vst/ivstautomationstate.h"; sourceTree = SOURCE_ROOT;};
E35F6DFE81AA5662966EA812 = {isa = PBXFileReference; lastKnownFileType = sourcecode.c.h; path = "Core/ThirdParty/VST3/pluginterfaces/vst/ivstchannelcontextinfo.h"; sourceTree = SOURCE_ROOT;};
76EF700514D9595C2922236F = {isa = PBXFileReference; lastKnownFileType = sourcecode.c.h; path = "Core/ThirdParty/VST3/pluginterfaces/vst/ivstcomponent.h"; sourceTree = SOURCE_ROOT;};
6F3F56F5C1354A204EF79C57 = {isa = PBXFileReference; lastKnownFileType = sourcecode.c.h; path = "Core/ThirdParty/VST3/pluginterfaces/vst/ivstcontextmenu.h"; sourceTree = SOURCE_ROOT;};
CBEDDFC3515300255AD156AE = {isa = PBXFileReference; lastKnownFileType = sourcecode.c.h; path = "Core/ThirdParty/VST3/pluginterfaces/vst/ivstdataexchange.h"; sourceTree = SOURCE_ROOT;};
631B5B527B710A5A87D8B8CC = {isa = PBXFileReference; lastKnownFileType = sourcecode.c.h; path = "Core/ThirdParty/VST3/pluginterfaces/vst/ivsteditcontroller.h"; sourceTree = SOURCE_ROOT;};
C7B02E86E7EB6E91FB478879 = {isa = PBXFileReference; lastKnownFileType = sourcecode.c.h; path = "Core/ThirdParty/VST3/pluginterfaces/vst/ivstevents.h"; sourceTree = SOURCE_ROOT;};
A7EC46A3EA53454F101B9B78 = {isa = PBXFileReference; lastKnownFileType = sourcecode.c.h; path = "Core/ThirdParty/VST3/pluginterfaces/vst/ivsthostapplication.h"; sourceTree = SOURCE_ROOT;};
EC438016116FDA1702EF6419 = {isa = PBXFileReference; lastKnownFileType = sourcecode.c.h; path = "Core/ThirdParty/VST3/pluginterfaces/vst/ivstinterappaudio.h"; sourceTree = SOURCE_ROOT;};
B81D2486F32A899A6B5375B9 = {isa = PBXFileReference; lastKnownFileType = sourcecode.c.h; path = "Core/ThirdParty/VST3/pluginterfaces/vst/ivstmessage.h"; sourceTree = SOURCE_ROOT;};
63ABF1D73BBC1012A13A2F5B = {isa = PBXFileReference; lastKnownFileType = sourcecode.c.h; path = "Core/ThirdParty/VST3/pluginterfaces/vst/ivstmidicontrollers.h"; sourceTree = SOURCE_ROOT;};
25A088CEF4484FC4A6DE9BD5 = {isa = PBXFileReference; lastKnownFileType = sourcecode.c.h; path = "Core/ThirdParty/VST3/pluginterfaces/vst/ivstmidilearn.h"; sourceTree = SOURCE_ROOT;};
01E11D26B98784B36DD6F152 = {isa = PBXFileReference; lastKnownFileType = sourcecode.c.h; path = "Core/ThirdParty/VST3/pluginterfaces/vst/ivstmidimapping2.h"; sourceTree = SOURCE_ROOT;};
D6F320454BF23DA916A91A94 = {isa = PBXFileReference; lastKnownFileType = sourcecode.c.h; path = "Core/ThirdParty/VST3/pluginterfaces/vst/ivstnoteexpression.h"; sourceTree = SOURCE_ROOT;};
B893600FC0CCF728C9E63FFB = {isa = PBXFileReference; lastKnownFileType = sourcecode.c.h; path = "Core/ThirdParty/VST3/pluginterfaces/vst/ivstnoteonorchestralarticulationinfo.h"; sourceTree = SOURCE_ROOT;};
DC0AC1E363D2C604BFB029D1 = {isa = PBXFileReference; lastKnownFileType = sourcecode.c.h; path = "Core/ThirdParty/VST3/pluginterfaces/vst/ivstparameterchanges.h"; sourceTree = SOURCE_ROOT;};
783F69E2E277CE26229CC913 = {isa = PBXFileReference; lastKnownFileType = sourcecode.c.h; path = "Core/ThirdParty/VST3/pluginterfaces/vst/ivstparameterfunctionname.h"; sourceTree = SOURCE_ROOT;};
05B934B933C7CBB6A33C4E5D = {isa = PBXFileReference; lastKnownFileType = sourcecode.c.h; path = "Core/ThirdParty/VST3/pluginterfaces/vst/ivstphysicalui.h"; sourceTree = SOURCE_ROOT;};
A561D23C97196EE60DF07D49 = {isa = PBXFileReference; lastKnownFileType = sourcecode.c.h; path = "Core/ThirdParty/VST3/pluginterfaces/vst/ivstpluginterfacesupport.h"; sourceTree = SOURCE_ROOT;};
E7BB4DFE34A8999A5C03A2DF = {isa = PBXFileReference; lastKnownFileType = sourcecode.c.h; path = "Core/ThirdParty/VST3/pluginterfaces/vst/ivstplugview.h"; sourceTree = SOURCE_ROOT;};
A7BC023C2A96321E4D44CAF6 = {isa = PBXFileReference; lastKnownFileType = sourcecode.c.h; path = "Core/ThirdParty/VST3/pluginterfaces/vst/ivstprefetchablesupport.h"; sourceTree = SOURCE_ROOT;};
3128ABFAB2C92D30864E27E4 = {isa = PBXFileReference; lastKnownFileType = sourcecode.c.h; path = "Core/ThirdParty/VST3/pluginterfaces/vst/ivstprocesscontext.h"; sourceTree = SOURCE_ROOT;};
1522E765136A611A60EFDB35 = {isa = PBXFileReference; lastKnownFileType = sourcecode.c.h; path = "Core/ThirdParty/VST3/pluginterfaces/vst/ivstremapparamid.h"; sourceTree = SOURCE_ROOT;};
1D1A9EBE04A5DA32D9B481A6 = {isa = PBXFileReference; lastKnownFileType = sourcecode.c.h; path = "Core/ThirdParty/VST3/pluginterfaces/vst/ivstrepresentation.h"; sourceTree = SOURCE_ROOT;};
1F6747F4B0B648E948E49EDD = {isa = PBXFileReference; lastKnownFileType = sourcecode.c.h; path = "Core/ThirdParty/VST3/pluginterfaces/vst/ivsttestplugprovider.h"; sourceTree = SOURCE_ROOT;};
E7BB40F2A00F307185293BA2 = {isa = PBXFileReference; lastKnownFileType = sourcecode.c.h; path = "Core/ThirdParty/VST3/pluginterfaces/vst/ivsttransportcontrol.h"; sourceTree = SOURCE_ROOT;};
287F26A678C657BEFF3D4B56 = {isa = PBXFileReference; lastKnownFileType = sourcecode.c.h; path = "Core/ThirdParty/VST3/pluginterfaces/vst/ivstunits.h"; sourceTree = SOURCE_ROOT;};
472B7E268A90052A7D997559 = {isa = PBXFileReference; lastKnownFileType = sourcecode.c.h; path = "Core/ThirdParty/VST3/pluginterfaces/vst/vstpresetkeys.h"; sourceTree = SOURCE_ROOT;};
8248A2E392EA6469C0381C0E = {isa = PBXFileReference; lastKnownFileType = sourcecode.c.h; path = "Core/ThirdParty/VST3/pluginterfaces/vst/vstpshpack4.h"; sourceTree = SOURCE_ROOT;};
EE7F6ADB45672DEDEDE91351 = {isa = PBXFileReference; lastKnownFileType = sourcecode.c.h; path = "Core/ThirdParty/VST3/pluginterfaces/vst/vstspeaker.h"; sourceTree = SOURCE_ROOT;};
53B079EC8F72ADDDDEFE4BD1 = {isa = PBXFileReference; lastKnownFileType = sourcecode.c.h; path = "Core/ThirdParty/VST3/pluginterfaces/vst/vsttypes.h"; sourceTree = SOURCE_ROOT;};
78CB6266AFF6725DB1130353 = {isa = PBXFileReference; lastKnownFileType = sourcecode.cpp.h; path = "Core/Timecode/Timecode.hpp"; sourceTree = SOURCE_ROOT;};
ABFF7EA2415E717DA391021B = {isa = PBXFileReference; lastKnownFileType = sourcecode.cpp.h; path = "Core/Tracks/Track.hpp"; sourceTree = SOURCE_ROOT;};
77173E66A87E8B7C24F1EDDA = {isa = PBXFileReference; lastKnownFileType = sourcecode.cpp.cpp; path = "Core/Transport/Engine.cpp"; sourceTree = SOURCE_ROOT;};
376AA6BEE449F3351EB3828A = {isa = PBXFileReference; lastKnownFileType = sourcecode.cpp.h; path = "Core/Transport/Engine.hpp"; sourceTree = SOURCE_ROOT;};
523DDE8D9F927F563555219B = {isa = PBXFileReference; lastKnownFileType = sourcecode.cpp.h; path = "Core/Transport/TransportState.hpp"; sourceTree = SOURCE_ROOT;};
2F78553D72FEECA1169D1338 = {isa = PBXFileReference; lastKnownFileType = sourcecode.cpp.h; path = "Core/Utils/Identity.hpp"; sourceTree = SOURCE_ROOT;};
06E007D7F9EB1617DC5ABC6C = {isa = PBXFileReference; lastKnownFileType = text.plist.strings; name = "en"; path = "Apple/Resources/en.lproj/Localizable.strings"; sourceTree = SOURCE_ROOT;};
52534F07F7D5A3EE42D118D5 = {isa = PBXFileReference; lastKnownFileType = text.plist.strings; name = "pt-BR"; path = "Apple/Resources/pt-BR.lproj/Localizable.strings"; sourceTree = SOURCE_ROOT;};
82792A940AEB9DBA2EEAA46C = {isa = PBXVariantGroup; children = (06E007D7F9EB1617DC5ABC6C,52534F07F7D5A3EE42D118D5); name = Localizable.strings; sourceTree = "<group>";};
3685E330EC5277A9DD5661C6 = {isa = PBXFileReference; lastKnownFileType = folder.assetcatalog; path = Apple/Assets.xcassets; sourceTree = SOURCE_ROOT;};
3D6FB5048982F914F24C707B = {isa = PBXFileReference; lastKnownFileType = file; path = "Core/ThirdParty/Lame/COPYING"; sourceTree = SOURCE_ROOT;};
BF7D7EA6945C0C3AD624A511 = {isa = PBXFileReference; lastKnownFileType = file; path = "Core/ThirdParty/Lame/SOURCE.txt"; sourceTree = SOURCE_ROOT;};
E1F37E1E54573FC0B765D89B = {isa = PBXFileReference; lastKnownFileType = file; path = "Core/ThirdParty/Lame/lame-3.100-source.tar.gz"; sourceTree = SOURCE_ROOT;};
DEC2119F1E1534432FA3842F = {isa = PBXFileReference; lastKnownFileType = text; path = "Core/ThirdParty/TinySoundFont/TinySoundFont-LICENSE.txt"; sourceTree = SOURCE_ROOT;};
28B38449961D9E7F45AC0254 = {isa = PBXFileReference; lastKnownFileType = text; path = "Core/ThirdParty/EBUR128/EBUR128-LICENSE.txt"; sourceTree = SOURCE_ROOT;};
3162E7E5FA2CBDDD58AAC95E = {isa = PBXFileReference; lastKnownFileType = text; path = "Core/ThirdParty/VST3/VST3-LICENSE.txt"; sourceTree = SOURCE_ROOT;};
01379764EBCB0675E479F376 = {isa = PBXFileReference; lastKnownFileType = text; path = "Core/ThirdParty/VST3/VST3-SOURCE.txt"; sourceTree = SOURCE_ROOT;};
210420D2D4CE930FF79003A4 = {isa = PBXFileReference; explicitFileType = wrapper.application; path = "Jaras Live.app"; sourceTree = BUILT_PRODUCTS_DIR;};
4EF08EC3B7CCDB2869F36015 = {isa = PBXBuildFile; fileRef = A95B68F678640847767AF9BF;};
F402CA1AE5570666D47710DC = {isa = PBXBuildFile; fileRef = 91EE2EBC0D126DF6ECFB59AD;};
2DBE57D7DFCF522FB79397D5 = {isa = PBXBuildFile; fileRef = BCBD133F7DF86865385A73A1;};
672FE378C6EFAA7E0FAACD7B = {isa = PBXBuildFile; fileRef = 9F55B9CB2DB232CA01AE4221;};
06D699BC09EA42135A0B8D4A = {isa = PBXBuildFile; fileRef = C4936CF8AE062E92CAF8A043;};
A3D3D48926F6A3C45E91D972 = {isa = PBXBuildFile; fileRef = BF172E170CB8CD9A1D165337;};
6480A0D8A66D11E149FF8041 = {isa = PBXBuildFile; fileRef = 3F07F1E21C9BD707F6833292;};
F7B31E6706166E10329B4079 = {isa = PBXBuildFile; fileRef = B56D2897ED781284BB1D2186;};
891CA7A6AC64D1E132EF869B = {isa = PBXBuildFile; fileRef = 70CAAE3EC6E543EA9CFB0435;};
E8AF7E0E9545AA418A3C05D3 = {isa = PBXBuildFile; fileRef = 7A4F612D5ED5C699614E09DE;};
1DEA69FBAEC8300B44589A30 = {isa = PBXBuildFile; fileRef = 41B7C7731271615882D0F3B1;};
50377F25298B58532AD5807E = {isa = PBXBuildFile; fileRef = 05BE4E698DC2D3316452DAA8;};
4F83B603DD351E12EE59E324 = {isa = PBXBuildFile; fileRef = E9262EDF3849221C0D733C00;};
57ED7F8B2491FDBB2B2FC446 = {isa = PBXBuildFile; fileRef = F53D12F21BF070DF0EBAF594;};
0427C8927AC3986C23B46EB0 = {isa = PBXBuildFile; fileRef = 6DF069EB1A7314A5D5D0BA71;};
83AE308240E63053764F0B9A = {isa = PBXBuildFile; fileRef = 56CCE7F7E3BACB71368DAA79;};
4B773E780D697681DB9E2D30 = {isa = PBXBuildFile; fileRef = C13588885D496FAF97727FEB;};
C1B9D53D99DD749B1BD49A16 = {isa = PBXBuildFile; fileRef = FCF45410876EE4E9D2DFEBC9;};
6F01C8E6C4D51AD5FF6ECDB2 = {isa = PBXBuildFile; fileRef = E49A12B5089017976393A0E0;};
1F722B3061B60640CC6706FE = {isa = PBXBuildFile; fileRef = 8DACBF85DF5BBCEE03579780;};
5E0BF34A299970450FD9E503 = {isa = PBXBuildFile; fileRef = DFFCC4CCF6ACBE7E46220DC5;};
6AACDA6665F2A95339B1E008 = {isa = PBXBuildFile; fileRef = 06AB5129594D43BFA8668549;};
126ECED8E2DFA49F6178E32F = {isa = PBXBuildFile; fileRef = 786FE41E577FD4CE88E62CE4;};
8CBBE13762A46C7F583FF547 = {isa = PBXBuildFile; fileRef = 73DD49CF37373AA442CE15A0;};
26AB87FE1B3EF2013E1FEFDB = {isa = PBXBuildFile; fileRef = CB65FBF85F811F0C864853D3;};
F61DE1BE738B0F8E7CAC18EB = {isa = PBXBuildFile; fileRef = B6743DF82BBBC381511E7B34;};
13A4854D86E7710F46D52E75 = {isa = PBXBuildFile; fileRef = 8D59C779A27E6B8CA47F259E;};
1F21AFCB1F53DC56449DE3A4 = {isa = PBXBuildFile; fileRef = 3C6B8F3AEF42385688275CC2;};
0F469414F66B6EF91E935703 = {isa = PBXBuildFile; fileRef = 23420D5985534F931D05F256;};
D0D7FC3BF53B6FFD2B0B4B70 = {isa = PBXBuildFile; fileRef = 96A44650443C9461B4228B51;};
D696A868A302368AC78A765C = {isa = PBXBuildFile; fileRef = C636B630153FC746BB4C42BE;};
BABF1937FEFA5D9E32343B47 = {isa = PBXBuildFile; fileRef = 23A77DC795631F9E16D35466;};
D372A66CE93D71D08E87A877 = {isa = PBXBuildFile; fileRef = 7E402FCEE826FD2332E8A934;};
9FC04CF77BD80E544AF2114B = {isa = PBXBuildFile; fileRef = D1FC0A9CD45E72E933B9EB23;};
734C2832202B4710ED857C9D = {isa = PBXBuildFile; fileRef = 4507623203A5920F28A8AC20;};
31F05718901118D9110FD9C0 = {isa = PBXBuildFile; fileRef = AE08AF799CD741197B9E4CD7;};
D24C1E8674219C0CA09415FE = {isa = PBXBuildFile; fileRef = 734EF32C735F6C2EEF555FFE;};
9CF6696860D2CA66E116C75F = {isa = PBXBuildFile; fileRef = 165FADB179F8C541238ECC61;};
9A46F2BAA5B381AD840014D0 = {isa = PBXBuildFile; fileRef = 9CCD078A8919FA3EFA2B6FF8;};
6D47B393AC5E99400E2B4271 = {isa = PBXBuildFile; fileRef = FE41F983F44F3A49142C32E3;};
F4F790DFEB99A59A9576DA23 = {isa = PBXBuildFile; fileRef = D644554C3A1B33E4F141370B;};
54E67F1C2F7C3D85356C3C90 = {isa = PBXBuildFile; fileRef = 71268EAA766FFA93614B6561;};
D5DA721BD87CF2A1E8F0C755 = {isa = PBXBuildFile; fileRef = FCC355F185A4CE633CE4BC2F;};
4B4A37DCB98E6E083918AC19 = {isa = PBXBuildFile; fileRef = F3ED7A0763255A9EE46BC936;};
31DA0DB287A0FF5D79EA7F37 = {isa = PBXBuildFile; fileRef = C59AF674562AF4448E5258A3;};
AB6C39572DA55E270479030E = {isa = PBXBuildFile; fileRef = 9A30E3F31C22E9C740AA0B01;};
D17B8F2F218A17B10228A2AE = {isa = PBXBuildFile; fileRef = 7036808CDA6EA116DCF71ECB;};
0E4CA3F4F6110FB54567D482 = {isa = PBXBuildFile; fileRef = C20D5FEA9463189EA34135D9;};
78109ED5CDA9EE7FF72D1E25 = {isa = PBXBuildFile; fileRef = 8739E8D2E458557044DEE958;};
6C0C3C9A574B01E36402F32A = {isa = PBXBuildFile; fileRef = 9247CF8624EE3B7112D8CF0C;};
1D73833C03F6B163CCE9E95B = {isa = PBXBuildFile; fileRef = A040AD7248008141F20C4100;};
A4D1A0A58A2A51BB3B7F33A2 = {isa = PBXBuildFile; fileRef = 52146F08E8BE8683394242FA;};
8CB51CC00F1F261980C3039B = {isa = PBXBuildFile; fileRef = 496EF092B48B0C8D93F0B809;};
7CB32C1EC56BB3D3C8DF6A18 = {isa = PBXBuildFile; fileRef = 13FE935476BB68F6D4F6F11F;};
82FC029CF3EC57AE51DDFAA3 = {isa = PBXBuildFile; fileRef = 49ECD51D147DD10DB59272A2;};
5831F9A6FECDD694AEBD914F = {isa = PBXBuildFile; fileRef = BE00D723AA47A2CCEEF71482;};
B379F1E0F50D28EE77097045 = {isa = PBXBuildFile; fileRef = FD90F39BDFCAF9CFA53AC502;};
F812BD50E98E82D2E7177380 = {isa = PBXBuildFile; fileRef = BE7B81781248FCFAFFFEDDC1;};
A4BDC7FEB6EF9C67D7260DDE = {isa = PBXBuildFile; fileRef = 8AAF350CDB57715F42A6876E;};
B9C99E4B94F3BE7EF9C953F6 = {isa = PBXBuildFile; fileRef = 90D8D0DDA4A2C68F5A0D4D74;};
B787C2F8F695EF87F80DFEE7 = {isa = PBXBuildFile; fileRef = 43CE5303331AB21F9298C66C;};
7E0F86FC02F0C0DEE6C12358 = {isa = PBXBuildFile; fileRef = AA2F622B38F55D11CCFEDA99;};
F2C3CFA5FB548D1989D1E1CD = {isa = PBXBuildFile; fileRef = 765B13A8893024142CB240A2;};
FCACF1EF313FDB93DE4311F9 = {isa = PBXBuildFile; fileRef = 24A0F93444D6B146A5226C71;};
B710C69F8438F52D12B1A3FF = {isa = PBXBuildFile; fileRef = CBFE6E158BE2341E2C07D4BB;};
9EB1C911527B13A2B6FA1569 = {isa = PBXBuildFile; fileRef = 2F1D6F82A880A429310F7946;};
A7EA085D181795292F885082 = {isa = PBXBuildFile; fileRef = B0C64E4B9F55413510E6BCE8;};
33800789B6BD196BBD63FB9A = {isa = PBXBuildFile; fileRef = 923BFCF78937E7B2897E5791;};
F0327D565580632033FBA9DF = {isa = PBXBuildFile; fileRef = 21DA255B8716BD328F6B0614;};
BDC739EEB260FF324D96B506 = {isa = PBXBuildFile; fileRef = 6A46DCC533DD7855699CE05D;};
67200F2F3B77984A27823CFD = {isa = PBXBuildFile; fileRef = 4D40E8B0343F56A74EE3DA5E;};
0DCE7DF1B7DAD912AD1E63DD = {isa = PBXBuildFile; fileRef = 166A3BD353D2BB38BC66DC8A;};
57C19B0C6B14E8870C391FD2 = {isa = PBXBuildFile; fileRef = B7D988CA9938FCB635D34E56;};
769C538267A3ACC17517CD18 = {isa = PBXBuildFile; fileRef = 44AAC3F6BCC0AEF8342964DE;};
99C9F28DAEE0AB241143FE38 = {isa = PBXBuildFile; fileRef = 58FDD6B35882723C104E6B9D;};
CCE4517C690D8D624A270B5F = {isa = PBXBuildFile; fileRef = 2CEB331ABE2CDC199900BF26;};
7A8F628D2B414E91A4F1EC73 = {isa = PBXBuildFile; fileRef = B929D350FCF20127528FC0CF;};
4BEEFFA0F0F15C08756E97C1 = {isa = PBXBuildFile; fileRef = E516069EFC2CE2BC9B052D3D;};
A971BD11947824D1AD8DF61F = {isa = PBXBuildFile; fileRef = A2B2210FCA80DD1ECAA2987D;};
EDDEFDF774EA053D2A758C7B = {isa = PBXBuildFile; fileRef = 6EB884A8DF43882747E68AB0;};
C679A8FF2A3A09FD733760B5 = {isa = PBXBuildFile; fileRef = 7C664F299C198289073581EE;};
B070D0F12CCFAB4EDF9F1B58 = {isa = PBXBuildFile; fileRef = 3C756AF2E92A72D1FA5CC42F;};
0D410B2045855CCA5AF4F42A = {isa = PBXBuildFile; fileRef = F4741742AFD5B134A8A716FD;};
5132ABD0758B2D9FEAE928E4 = {isa = PBXBuildFile; fileRef = 9A9FA4B8F5336A646F2860EB;};
1BD933E785A3FDFAB2005D30 = {isa = PBXBuildFile; fileRef = 2E51AEE5222BC4A3A47D8E8F;};
988274A6F82EEABEDDE07191 = {isa = PBXBuildFile; fileRef = B93C5ABA58D328B63ED4EBC2;};
4D69A8C243D1C440F8903089 = {isa = PBXBuildFile; fileRef = D601580918ABC4AEA030BD91;};
C87C5993CE24F2F478CE937D = {isa = PBXBuildFile; fileRef = F526D8288A9D9BA63ACF87EF;};
19F2C04501794C26D70A8337 = {isa = PBXBuildFile; fileRef = 2EE1E108614C95C7E10D6FFF;};
58DF6FB125E6EFE2265154F2 = {isa = PBXBuildFile; fileRef = 6D3CD518C556A5E2A9BC0923;};
89052FA7BA8475688FD01BB4 = {isa = PBXBuildFile; fileRef = 53F9AEFD08B7D234B79184EF;};
B4E59008CB0737F03B86DB27 = {isa = PBXBuildFile; fileRef = 2F66218029A261495023AE3A;};
B1FCD5D1B65B4ED8BF97A9B8 = {isa = PBXBuildFile; fileRef = 4021E7C24F89248F07ED3DF7;};
F5DC0C37C7C5E063CC797881 = {isa = PBXBuildFile; fileRef = 93DB2E8F5D566CF223948B12;};
B94A1C5070503A3AD235A0C3 = {isa = PBXBuildFile; fileRef = C201F79AAFF88F4133E78B0E;};
97ACF6C9A4ABB099296ED771 = {isa = PBXBuildFile; fileRef = DF7C2CB63BBC2BB816DB65D5;};
7C10D6C84C33C31FE497A395 = {isa = PBXBuildFile; fileRef = 179724D8A13C91AD4CF8342C;};
8FAFF22E649E71C8E6A60F2C = {isa = PBXBuildFile; fileRef = D16C1B8ACEADEC6EF2211001;};
055404942C7DF118638AA440 = {isa = PBXBuildFile; fileRef = B83BF9F23AA9BCF26F346E21;};
D454C4872915BC1F5CE92966 = {isa = PBXBuildFile; fileRef = 5450906CFFD0132D184B2596;};
29E51A74E6F800E8233B118A = {isa = PBXBuildFile; fileRef = 5CD890FA78A14486CA728463;};
A915B19DDB2A91B13166B98B = {isa = PBXBuildFile; fileRef = 8078F4FC28E01B81114DB0DF;};
CBE582AA4CDEFD41EFAE2D7A = {isa = PBXBuildFile; fileRef = 653AE5773C9DA6EF8E2CC2B8;};
A110F2585A2B8F96D47B4C84 = {isa = PBXBuildFile; fileRef = D5AA3D6EE1B52E9CA5DCA7DD;};
234B3DEB5D3E27693EDFE5A8 = {isa = PBXBuildFile; fileRef = F71F35775D048424E5ACB8C7;};
A5274EE44704BC0D81551EDC = {isa = PBXBuildFile; fileRef = 8577F8AC8BF49AAE011E0400;};
A8687B1AD0DDBA5E3BA9BB7D = {isa = PBXBuildFile; fileRef = AED2D53C45489229E82D071C;};
3D659250A8C596C76275D388 = {isa = PBXBuildFile; fileRef = 2E7D8666FC3CEB7B1D1E6227;};
A5A9FE262521178C6DB1B43D = {isa = PBXBuildFile; fileRef = D276C1CFD651C5E5F2EEFDA3;};
EF8404992983ED0B81231105 = {isa = PBXBuildFile; fileRef = 5BFB7A267ED96BA3D46831C0;};
A2C17B1F32A7E935619F953A = {isa = PBXBuildFile; fileRef = B9D270FE69B1D65D1760B343;};
6B536AFE36DB7E8FE989DBBC = {isa = PBXBuildFile; fileRef = 51AC959F864E975F379122C6;};
0E27651F60BF25E4FEB22625 = {isa = PBXBuildFile; fileRef = 6528D693E12BCB6876D7A946;};
E8605BF785840A7667C8B5D0 = {isa = PBXBuildFile; fileRef = 78B1D4817A38784619AFC6D6;};
E43853952D3A9DC18AB30E34 = {isa = PBXBuildFile; fileRef = 426C4F7E1FBDD3AFE784B60F;};
D6877A9A6FA5275E1BBA0FB4 = {isa = PBXBuildFile; fileRef = F7087948A14AE669DE232E4D;};
DA77E62C38338AA3DCDD2AC4 = {isa = PBXBuildFile; fileRef = 7AC6194A2797AB621298D571;};
9522079CBF70BE05B7903039 = {isa = PBXBuildFile; fileRef = 344E4F751A49392AD287C8B8;};
714D4BF6BD9B298D3FAB452B = {isa = PBXBuildFile; fileRef = 27589FD49FD9B9A1B3B8FDE6;};
6369BFE70357C627B9CFE33F = {isa = PBXBuildFile; fileRef = CE8D00C05A13BAF497A14176;};
963D7F71EF5547DF9172835A = {isa = PBXBuildFile; fileRef = 40C1B85897C959A2898AAF6A;};
EA2A62C0972D7805EDD35061 = {isa = PBXBuildFile; fileRef = 105AE4739348AB17334F2B9B;};
2C1B6E8FAD2858967A31E74B = {isa = PBXBuildFile; fileRef = 72358320D6DD77E77247AF1A;};
4C1E73A4E570E15B2BC1D48D = {isa = PBXBuildFile; fileRef = 75231DDE408E04E73E1A843E;};
1E3C3344613B90E3DCEEA7FB = {isa = PBXBuildFile; fileRef = 3280731D96B4BA3B52CA77A7;};
9F3035CFDAB893C5317172CE = {isa = PBXBuildFile; fileRef = 29EC927C74CED7B7571220D9;};
D341D747BD43C70A17135A82 = {isa = PBXBuildFile; fileRef = 648515716000204E8FD1219E;};
44EA1D81BD0E6AAF928D9A02 = {isa = PBXBuildFile; fileRef = B457D9B3ED3FC8726D79584F;};
19DF1761F075340BC9710645 = {isa = PBXBuildFile; fileRef = F9CB230A3B8426BE77B54DFD;};
7D0F847A5E9F38C751398A9E = {isa = PBXBuildFile; fileRef = 2302138D0050438E65E1C6C4;};
7AA9EB77AD90218210736EAF = {isa = PBXBuildFile; fileRef = 55E7DB05EF2AB670ABFBD52E;};
08C01EC0A22991D520AC3E99 = {isa = PBXBuildFile; fileRef = 77173E66A87E8B7C24F1EDDA;};
6F9592638C25B79E7C76D41F = {isa = PBXSourcesBuildPhase; buildActionMask = 2147483647; files = (4EF08EC3B7CCDB2869F36015,F402CA1AE5570666D47710DC,2DBE57D7DFCF522FB79397D5,672FE378C6EFAA7E0FAACD7B,06D699BC09EA42135A0B8D4A,A3D3D48926F6A3C45E91D972,6480A0D8A66D11E149FF8041,F7B31E6706166E10329B4079,891CA7A6AC64D1E132EF869B,E8AF7E0E9545AA418A3C05D3,1DEA69FBAEC8300B44589A30,50377F25298B58532AD5807E,4F83B603DD351E12EE59E324,57ED7F8B2491FDBB2B2FC446,0427C8927AC3986C23B46EB0,83AE308240E63053764F0B9A,4B773E780D697681DB9E2D30,C1B9D53D99DD749B1BD49A16,6F01C8E6C4D51AD5FF6ECDB2,1F722B3061B60640CC6706FE,5E0BF34A299970450FD9E503,6AACDA6665F2A95339B1E008,126ECED8E2DFA49F6178E32F,8CBBE13762A46C7F583FF547,26AB87FE1B3EF2013E1FEFDB,F61DE1BE738B0F8E7CAC18EB,13A4854D86E7710F46D52E75,1F21AFCB1F53DC56449DE3A4,0F469414F66B6EF91E935703,D0D7FC3BF53B6FFD2B0B4B70,D696A868A302368AC78A765C,BABF1937FEFA5D9E32343B47,D372A66CE93D71D08E87A877,9FC04CF77BD80E544AF2114B,734C2832202B4710ED857C9D,31F05718901118D9110FD9C0,D24C1E8674219C0CA09415FE,9CF6696860D2CA66E116C75F,9A46F2BAA5B381AD840014D0,6D47B393AC5E99400E2B4271,F4F790DFEB99A59A9576DA23,54E67F1C2F7C3D85356C3C90,D5DA721BD87CF2A1E8F0C755,4B4A37DCB98E6E083918AC19,31DA0DB287A0FF5D79EA7F37,AB6C39572DA55E270479030E,D17B8F2F218A17B10228A2AE,0E4CA3F4F6110FB54567D482,78109ED5CDA9EE7FF72D1E25,6C0C3C9A574B01E36402F32A,1D73833C03F6B163CCE9E95B,A4D1A0A58A2A51BB3B7F33A2,8CB51CC00F1F261980C3039B,7CB32C1EC56BB3D3C8DF6A18,82FC029CF3EC57AE51DDFAA3,5831F9A6FECDD694AEBD914F,B379F1E0F50D28EE77097045,F812BD50E98E82D2E7177380,A4BDC7FEB6EF9C67D7260DDE,B9C99E4B94F3BE7EF9C953F6,B787C2F8F695EF87F80DFEE7,7E0F86FC02F0C0DEE6C12358,F2C3CFA5FB548D1989D1E1CD,FCACF1EF313FDB93DE4311F9,B710C69F8438F52D12B1A3FF,9EB1C911527B13A2B6FA1569,A7EA085D181795292F885082,33800789B6BD196BBD63FB9A,F0327D565580632033FBA9DF,BDC739EEB260FF324D96B506,67200F2F3B77984A27823CFD,0DCE7DF1B7DAD912AD1E63DD,57C19B0C6B14E8870C391FD2,769C538267A3ACC17517CD18,99C9F28DAEE0AB241143FE38,CCE4517C690D8D624A270B5F,7A8F628D2B414E91A4F1EC73,4BEEFFA0F0F15C08756E97C1,A971BD11947824D1AD8DF61F,EDDEFDF774EA053D2A758C7B,C679A8FF2A3A09FD733760B5,B070D0F12CCFAB4EDF9F1B58,0D410B2045855CCA5AF4F42A,5132ABD0758B2D9FEAE928E4,1BD933E785A3FDFAB2005D30,988274A6F82EEABEDDE07191,4D69A8C243D1C440F8903089,C87C5993CE24F2F478CE937D,19F2C04501794C26D70A8337,58DF6FB125E6EFE2265154F2,89052FA7BA8475688FD01BB4,B4E59008CB0737F03B86DB27,B1FCD5D1B65B4ED8BF97A9B8,F5DC0C37C7C5E063CC797881,B94A1C5070503A3AD235A0C3,97ACF6C9A4ABB099296ED771,7C10D6C84C33C31FE497A395,8FAFF22E649E71C8E6A60F2C,055404942C7DF118638AA440,D454C4872915BC1F5CE92966,29E51A74E6F800E8233B118A,A915B19DDB2A91B13166B98B,CBE582AA4CDEFD41EFAE2D7A,A110F2585A2B8F96D47B4C84,234B3DEB5D3E27693EDFE5A8,A5274EE44704BC0D81551EDC,A8687B1AD0DDBA5E3BA9BB7D,3D659250A8C596C76275D388,A5A9FE262521178C6DB1B43D,EF8404992983ED0B81231105,A2C17B1F32A7E935619F953A,6B536AFE36DB7E8FE989DBBC,0E27651F60BF25E4FEB22625,E8605BF785840A7667C8B5D0,E43853952D3A9DC18AB30E34,D6877A9A6FA5275E1BBA0FB4,DA77E62C38338AA3DCDD2AC4,9522079CBF70BE05B7903039,714D4BF6BD9B298D3FAB452B,6369BFE70357C627B9CFE33F,963D7F71EF5547DF9172835A,EA2A62C0972D7805EDD35061,2C1B6E8FAD2858967A31E74B,4C1E73A4E570E15B2BC1D48D,1E3C3344613B90E3DCEEA7FB,9F3035CFDAB893C5317172CE,D341D747BD43C70A17135A82,44EA1D81BD0E6AAF928D9A02,19DF1761F075340BC9710645,7D0F847A5E9F38C751398A9E,7AA9EB77AD90218210736EAF,08C01EC0A22991D520AC3E99); runOnlyForDeploymentPostprocessing = 0;};
BFE345F0B6F2743F553F8A13 = {isa = PBXFrameworksBuildPhase; buildActionMask = 2147483647; files = (); runOnlyForDeploymentPostprocessing = 0;};
54BC656850C1B949A6F91EFC = {isa = PBXBuildFile; fileRef = 3685E330EC5277A9DD5661C6;};
21B8251B98FAB86562258AEC = {isa = PBXBuildFile; fileRef = 82792A940AEB9DBA2EEAA46C;};
357399F4CA5CB5BD12456DA0 = {isa = PBXBuildFile; fileRef = 3D6FB5048982F914F24C707B;};
EE903C2F80EB6AC832194FD6 = {isa = PBXBuildFile; fileRef = BF7D7EA6945C0C3AD624A511;};
D856AA948EF353A2FDCFD8D2 = {isa = PBXBuildFile; fileRef = E1F37E1E54573FC0B765D89B;};
08365261631B4BFB68A4FB79 = {isa = PBXBuildFile; fileRef = DEC2119F1E1534432FA3842F;};
98249A5A460A171AD6BC38BB = {isa = PBXBuildFile; fileRef = 28B38449961D9E7F45AC0254;};
717544075FA70CD3C7AC1595 = {isa = PBXBuildFile; fileRef = 3162E7E5FA2CBDDD58AAC95E;};
D7BF4B17013500C7DF1B8CED = {isa = PBXBuildFile; fileRef = 01379764EBCB0675E479F376;};
6CFA80DA52F0622166F86BC7 = {isa = PBXResourcesBuildPhase; buildActionMask = 2147483647; files = (21B8251B98FAB86562258AEC,54BC656850C1B949A6F91EFC,357399F4CA5CB5BD12456DA0,EE903C2F80EB6AC832194FD6,D856AA948EF353A2FDCFD8D2,08365261631B4BFB68A4FB79,98249A5A460A171AD6BC38BB,717544075FA70CD3C7AC1595,D7BF4B17013500C7DF1B8CED); runOnlyForDeploymentPostprocessing = 0;};
EB89FF85814AAA3ADD6DA0B9 = {isa = XCBuildConfiguration; name = Debug; buildSettings = {PRODUCT_NAME = "Jaras Live";PRODUCT_BUNDLE_IDENTIFIER = "com.hookdeveloper.jaraslive.mac";SDKROOT = "macosx";SWIFT_VERSION = "5.0";CLANG_CXX_LANGUAGE_STANDARD = "c++17";CLANG_ENABLE_MODULES = "YES";CLANG_ENABLE_OBJC_ARC = "YES";SWIFT_OBJC_BRIDGING_HEADER = "Apple/Bridge/JarasLive-Bridging-Header.h";GENERATE_INFOPLIST_FILE = "NO";INFOPLIST_KEY_CFBundleDisplayName = "Jaras Live";MARKETING_VERSION = "1.0.0";CURRENT_PROJECT_VERSION = "1";CODE_SIGN_STYLE = "Automatic";DEVELOPMENT_TEAM = "573QZX9H7Y";SWIFT_OPTIMIZATION_LEVEL = "-Onone";GCC_OPTIMIZATION_LEVEL = "0";ENABLE_USER_SCRIPT_SANDBOXING = "YES";HEADER_SEARCH_PATHS = "$(SRCROOT)/Core $(SRCROOT)/Core/ThirdParty/Lame $(SRCROOT)/Core/ThirdParty/VST3";GCC_PREPROCESSOR_DEFINITIONS = "$(inherited) HAVE_CONFIG_H=1";ASSETCATALOG_COMPILER_GENERATE_SWIFT_ASSET_SYMBOL_EXTENSIONS = "NO";MACOSX_DEPLOYMENT_TARGET = "13.0";INFOPLIST_KEY_LSApplicationCategoryType = "public.app-category.music";ENABLE_APP_SANDBOX = "NO";INFOPLIST_FILE = "Apple/Info-mac.plist";COMBINE_HIDPI_IMAGES = "YES";ASSETCATALOG_COMPILER_APPICON_NAME = "JarasLiveIcon";};};
56ED9D8D44C52E74ED1E47D0 = {isa = XCBuildConfiguration; name = Release; buildSettings = {PRODUCT_NAME = "Jaras Live";PRODUCT_BUNDLE_IDENTIFIER = "com.hookdeveloper.jaraslive.mac";SDKROOT = "macosx";SWIFT_VERSION = "5.0";CLANG_CXX_LANGUAGE_STANDARD = "c++17";CLANG_ENABLE_MODULES = "YES";CLANG_ENABLE_OBJC_ARC = "YES";SWIFT_OBJC_BRIDGING_HEADER = "Apple/Bridge/JarasLive-Bridging-Header.h";GENERATE_INFOPLIST_FILE = "NO";INFOPLIST_KEY_CFBundleDisplayName = "Jaras Live";MARKETING_VERSION = "1.0.0";CURRENT_PROJECT_VERSION = "1";CODE_SIGN_STYLE = "Automatic";DEVELOPMENT_TEAM = "573QZX9H7Y";SWIFT_OPTIMIZATION_LEVEL = "-O";GCC_OPTIMIZATION_LEVEL = "3";ENABLE_USER_SCRIPT_SANDBOXING = "YES";HEADER_SEARCH_PATHS = "$(SRCROOT)/Core $(SRCROOT)/Core/ThirdParty/Lame $(SRCROOT)/Core/ThirdParty/VST3";GCC_PREPROCESSOR_DEFINITIONS = "$(inherited) HAVE_CONFIG_H=1";ASSETCATALOG_COMPILER_GENERATE_SWIFT_ASSET_SYMBOL_EXTENSIONS = "NO";MACOSX_DEPLOYMENT_TARGET = "13.0";INFOPLIST_KEY_LSApplicationCategoryType = "public.app-category.music";ENABLE_APP_SANDBOX = "NO";INFOPLIST_FILE = "Apple/Info-mac.plist";COMBINE_HIDPI_IMAGES = "YES";ASSETCATALOG_COMPILER_APPICON_NAME = "JarasLiveIcon";};};
03B67C1639C5865634D6F136 = {isa = XCConfigurationList; buildConfigurations = (EB89FF85814AAA3ADD6DA0B9,56ED9D8D44C52E74ED1E47D0); defaultConfigurationIsVisible = 0; defaultConfigurationName = Release;};
12B8F7BB61F8B510166DE3BF = {isa = PBXNativeTarget; buildConfigurationList = 03B67C1639C5865634D6F136; buildPhases = (6F9592638C25B79E7C76D41F,BFE345F0B6F2743F553F8A13,6CFA80DA52F0622166F86BC7); buildRules = (); dependencies = (); name = "Jaras Live macOS"; productName = "Jaras Live"; productReference = 210420D2D4CE930FF79003A4; productType = "com.apple.product-type.application";};
BD55B937FE89448404734B6A = {isa = PBXFileReference; explicitFileType = wrapper.application; path = "Jaras Live.app"; sourceTree = BUILT_PRODUCTS_DIR;};
0289E72AEC1B877BEB429FEB = {isa = PBXBuildFile; fileRef = A95B68F678640847767AF9BF;};
C8389D22B1076D3E116BDB4C = {isa = PBXBuildFile; fileRef = 91EE2EBC0D126DF6ECFB59AD;};
1DA435347CAED0164F1C5BCB = {isa = PBXBuildFile; fileRef = BCBD133F7DF86865385A73A1;};
D4261A949D1BDCE5D16C00CA = {isa = PBXBuildFile; fileRef = 9F55B9CB2DB232CA01AE4221;};
8986A635644D6FFA370FE448 = {isa = PBXBuildFile; fileRef = C4936CF8AE062E92CAF8A043;};
B452A7EBC60DA56877765BCA = {isa = PBXBuildFile; fileRef = BF172E170CB8CD9A1D165337;};
B9B5AB803CC4C3A377AFED2A = {isa = PBXBuildFile; fileRef = 3F07F1E21C9BD707F6833292;};
1FB3CF44ABAE771109094448 = {isa = PBXBuildFile; fileRef = B56D2897ED781284BB1D2186;};
FCFFF650015D2CD8DD383728 = {isa = PBXBuildFile; fileRef = 70CAAE3EC6E543EA9CFB0435;};
18E085A182E3EBE5E69CA4CC = {isa = PBXBuildFile; fileRef = 7A4F612D5ED5C699614E09DE;};
090DCFE0042D699E94A1CC11 = {isa = PBXBuildFile; fileRef = 41B7C7731271615882D0F3B1;};
E4EAB7295B291E816E7575CF = {isa = PBXBuildFile; fileRef = 05BE4E698DC2D3316452DAA8;};
10C6370694454ECD98CB41DA = {isa = PBXBuildFile; fileRef = E9262EDF3849221C0D733C00;};
6912585897ED5F183FEBCAB4 = {isa = PBXBuildFile; fileRef = F53D12F21BF070DF0EBAF594;};
7AB088DA97C644757F9E74EC = {isa = PBXBuildFile; fileRef = 6DF069EB1A7314A5D5D0BA71;};
536FCABDD0643014765716B9 = {isa = PBXBuildFile; fileRef = 56CCE7F7E3BACB71368DAA79;};
18DB10EDC0C9CDBC5565F9EE = {isa = PBXBuildFile; fileRef = C13588885D496FAF97727FEB;};
737B7B6AE4B044D4569A9CE9 = {isa = PBXBuildFile; fileRef = FCF45410876EE4E9D2DFEBC9;};
1DE42189FE3EB42E8D200C58 = {isa = PBXBuildFile; fileRef = E49A12B5089017976393A0E0;};
DD67F11D94F4C21B65E78691 = {isa = PBXBuildFile; fileRef = 8DACBF85DF5BBCEE03579780;};
CEE7B86FEFF5A5905032D728 = {isa = PBXBuildFile; fileRef = DFFCC4CCF6ACBE7E46220DC5;};
7B5AC0D1BC40DCFE9476A3EF = {isa = PBXBuildFile; fileRef = 06AB5129594D43BFA8668549;};
69BD51CDD8CCC92B30CED0C3 = {isa = PBXBuildFile; fileRef = 786FE41E577FD4CE88E62CE4;};
45D2E90D3862AA37DF8453DA = {isa = PBXBuildFile; fileRef = 73DD49CF37373AA442CE15A0;};
2FD8C4F5E5451F2364D14B6A = {isa = PBXBuildFile; fileRef = CB65FBF85F811F0C864853D3;};
23B82A91A78350D964F1020A = {isa = PBXBuildFile; fileRef = B6743DF82BBBC381511E7B34;};
CB0E6B80EE37C134D3C3A04F = {isa = PBXBuildFile; fileRef = 8D59C779A27E6B8CA47F259E;};
DCBE7E382EC1FC671D879111 = {isa = PBXBuildFile; fileRef = 3C6B8F3AEF42385688275CC2;};
C8DAD7158DF2836C85F6AFBB = {isa = PBXBuildFile; fileRef = 23420D5985534F931D05F256;};
97E94247EFBC9FCADBA607AA = {isa = PBXBuildFile; fileRef = 96A44650443C9461B4228B51;};
FE2266C3ED729C377B63A0C2 = {isa = PBXBuildFile; fileRef = C636B630153FC746BB4C42BE;};
FF0D4D73ADD9F1FF5F58A338 = {isa = PBXBuildFile; fileRef = 23A77DC795631F9E16D35466;};
FDC82E110654932D6269BD53 = {isa = PBXBuildFile; fileRef = 7E402FCEE826FD2332E8A934;};
2A93EBE4F571D2E43E2FC904 = {isa = PBXBuildFile; fileRef = D1FC0A9CD45E72E933B9EB23;};
51FB76086AE222E93B16D742 = {isa = PBXBuildFile; fileRef = 4507623203A5920F28A8AC20;};
32FE7E14051A1F89997EC6B5 = {isa = PBXBuildFile; fileRef = AE08AF799CD741197B9E4CD7;};
74E8930613D6BEEE49BCCDF2 = {isa = PBXBuildFile; fileRef = 734EF32C735F6C2EEF555FFE;};
196AA20F724A02D54062AB31 = {isa = PBXBuildFile; fileRef = 165FADB179F8C541238ECC61;};
3835C49B92DB952A2ED36EB6 = {isa = PBXBuildFile; fileRef = 9CCD078A8919FA3EFA2B6FF8;};
BD4A0D780A7D41DF46928C63 = {isa = PBXBuildFile; fileRef = FE41F983F44F3A49142C32E3;};
D892EBAB0BD67C11E6465DF9 = {isa = PBXBuildFile; fileRef = D644554C3A1B33E4F141370B;};
6CC972853B89F5E69C8A0D3E = {isa = PBXBuildFile; fileRef = 71268EAA766FFA93614B6561;};
F30AB71147CE806E20AE8F8A = {isa = PBXBuildFile; fileRef = FCC355F185A4CE633CE4BC2F;};
EA09EFCEAE7D9DD32E8137BC = {isa = PBXBuildFile; fileRef = F3ED7A0763255A9EE46BC936;};
DD70AEE3F1E08519675FC99D = {isa = PBXBuildFile; fileRef = C59AF674562AF4448E5258A3;};
9FEA1F8FBF266D6E50045269 = {isa = PBXBuildFile; fileRef = 9A30E3F31C22E9C740AA0B01;};
013AAF45BCB3BAAB5ECD55DE = {isa = PBXBuildFile; fileRef = 7036808CDA6EA116DCF71ECB;};
17F4EA897346B16DB0F1CEAA = {isa = PBXBuildFile; fileRef = C20D5FEA9463189EA34135D9;};
B9D822346D7365D99B29381F = {isa = PBXBuildFile; fileRef = 8739E8D2E458557044DEE958;};
89CECE44E88616AC968AF2E9 = {isa = PBXBuildFile; fileRef = 9247CF8624EE3B7112D8CF0C;};
ABF07F2FD193DE291796171B = {isa = PBXBuildFile; fileRef = A040AD7248008141F20C4100;};
263918621D6B0FB9CCBE41F4 = {isa = PBXBuildFile; fileRef = 52146F08E8BE8683394242FA;};
D619CBC9FBAEFD6A4ABC4F22 = {isa = PBXBuildFile; fileRef = 496EF092B48B0C8D93F0B809;};
0F2DB9D985F9F3C810085999 = {isa = PBXBuildFile; fileRef = 13FE935476BB68F6D4F6F11F;};
519DC6067322E55814FCE012 = {isa = PBXBuildFile; fileRef = 49ECD51D147DD10DB59272A2;};
8D5A74CE433B3DF84FDCAD9E = {isa = PBXBuildFile; fileRef = BE00D723AA47A2CCEEF71482;};
4B27B392900D9189D2AD5F1E = {isa = PBXBuildFile; fileRef = FD90F39BDFCAF9CFA53AC502;};
463B65DCA75CB7905727F4C2 = {isa = PBXBuildFile; fileRef = BE7B81781248FCFAFFFEDDC1;};
1B44660DACF9B0C16EAF1240 = {isa = PBXBuildFile; fileRef = 8AAF350CDB57715F42A6876E;};
B2BD50495873D09097CFBAA6 = {isa = PBXBuildFile; fileRef = 90D8D0DDA4A2C68F5A0D4D74;};
7A4ADCEE838F38D315C929C7 = {isa = PBXBuildFile; fileRef = 43CE5303331AB21F9298C66C;};
FF08184B16FE937AC0A71012 = {isa = PBXBuildFile; fileRef = AA2F622B38F55D11CCFEDA99;};
8D9174FE42A673703DF9CCDB = {isa = PBXBuildFile; fileRef = 765B13A8893024142CB240A2;};
A34DEA6B05D7978557D00924 = {isa = PBXBuildFile; fileRef = 24A0F93444D6B146A5226C71;};
1561C9CEB85DC57EC002D790 = {isa = PBXBuildFile; fileRef = CBFE6E158BE2341E2C07D4BB;};
662D2031EF1A24B56C7AE4F1 = {isa = PBXBuildFile; fileRef = 2F1D6F82A880A429310F7946;};
D09252FCB9C8ED88D99E77F0 = {isa = PBXBuildFile; fileRef = B0C64E4B9F55413510E6BCE8;};
E2B69C7CF0075AB2AE41F61B = {isa = PBXBuildFile; fileRef = 923BFCF78937E7B2897E5791;};
5CC7C47176EB399C3966DEFD = {isa = PBXBuildFile; fileRef = 21DA255B8716BD328F6B0614;};
EA2F50F55CD0332745F82EFD = {isa = PBXBuildFile; fileRef = 6A46DCC533DD7855699CE05D;};
95D38E5F98CD368B42D9C787 = {isa = PBXBuildFile; fileRef = 4D40E8B0343F56A74EE3DA5E;};
362FBBF908C560F50A66A8FA = {isa = PBXBuildFile; fileRef = 166A3BD353D2BB38BC66DC8A;};
615C6020F9ABCE96DFFD72FE = {isa = PBXBuildFile; fileRef = B7D988CA9938FCB635D34E56;};
25BABE14BAD4DE9A61810498 = {isa = PBXBuildFile; fileRef = 44AAC3F6BCC0AEF8342964DE;};
3C2945C79C16AE6B35BBFB38 = {isa = PBXBuildFile; fileRef = 58FDD6B35882723C104E6B9D;};
78E00A0B32AB9941BBBFFC53 = {isa = PBXBuildFile; fileRef = 2CEB331ABE2CDC199900BF26;};
3C291ED4BB4C236E87C82276 = {isa = PBXBuildFile; fileRef = B929D350FCF20127528FC0CF;};
8D9B6800C6067E1716EB9358 = {isa = PBXBuildFile; fileRef = E516069EFC2CE2BC9B052D3D;};
64E8A6F0C3C8C2A847F02BDB = {isa = PBXBuildFile; fileRef = A2B2210FCA80DD1ECAA2987D;};
30F260192E44704FD7A191E5 = {isa = PBXBuildFile; fileRef = 6EB884A8DF43882747E68AB0;};
B08959E445CEC80AB0192752 = {isa = PBXBuildFile; fileRef = 7C664F299C198289073581EE;};
31E2E86CD7BCEC062CF06E5B = {isa = PBXBuildFile; fileRef = 3C756AF2E92A72D1FA5CC42F;};
62B3924E3D51DB711C1D4C84 = {isa = PBXBuildFile; fileRef = F4741742AFD5B134A8A716FD;};
36A1BE95E5FD2F7DE2A6B21E = {isa = PBXBuildFile; fileRef = 9A9FA4B8F5336A646F2860EB;};
CB974F8F177208A5CF9410BE = {isa = PBXBuildFile; fileRef = 2E51AEE5222BC4A3A47D8E8F;};
E1497F4B16D164D356E2BC50 = {isa = PBXBuildFile; fileRef = B93C5ABA58D328B63ED4EBC2;};
03BBABB888F2B6EC218768F0 = {isa = PBXBuildFile; fileRef = D601580918ABC4AEA030BD91;};
64AAEC04DDB59227BDAE2CEF = {isa = PBXBuildFile; fileRef = F526D8288A9D9BA63ACF87EF;};
4E84D5D3D65A25DB7F3A5DB7 = {isa = PBXBuildFile; fileRef = 2EE1E108614C95C7E10D6FFF;};
CA19723048A5F38A40C14014 = {isa = PBXBuildFile; fileRef = 6D3CD518C556A5E2A9BC0923;};
9A236162D19A7F4059DCB833 = {isa = PBXBuildFile; fileRef = 53F9AEFD08B7D234B79184EF;};
919411A3640F956C3AC07244 = {isa = PBXBuildFile; fileRef = 2F66218029A261495023AE3A;};
6E5CC18AC81ACE174EC9D220 = {isa = PBXBuildFile; fileRef = 4021E7C24F89248F07ED3DF7;};
5FCB605FA6FC77C4437EED4A = {isa = PBXBuildFile; fileRef = 93DB2E8F5D566CF223948B12;};
A966431120F5C7E7EC94AB3D = {isa = PBXBuildFile; fileRef = C201F79AAFF88F4133E78B0E;};
963234117BB2491E8DF230D6 = {isa = PBXBuildFile; fileRef = DF7C2CB63BBC2BB816DB65D5;};
47B5AE70E7EE8F255AEA7202 = {isa = PBXBuildFile; fileRef = 179724D8A13C91AD4CF8342C;};
C8F2B991E4693C5AA0AC22C7 = {isa = PBXBuildFile; fileRef = D16C1B8ACEADEC6EF2211001;};
667A358608DEE96EB7808A61 = {isa = PBXBuildFile; fileRef = B83BF9F23AA9BCF26F346E21;};
9EDDB7DA63DAD6384FA37EE1 = {isa = PBXBuildFile; fileRef = 5450906CFFD0132D184B2596;};
A20CA1B16E2AA48192F27DDC = {isa = PBXBuildFile; fileRef = 5CD890FA78A14486CA728463;};
CF7A2142BA7A3934DB766A03 = {isa = PBXBuildFile; fileRef = 8078F4FC28E01B81114DB0DF;};
58228A394E33C312A734B9D6 = {isa = PBXBuildFile; fileRef = 653AE5773C9DA6EF8E2CC2B8;};
33B9653C00B8267F020075C0 = {isa = PBXBuildFile; fileRef = D5AA3D6EE1B52E9CA5DCA7DD;};
473C1EE00FEAAE3973DE04C0 = {isa = PBXBuildFile; fileRef = F71F35775D048424E5ACB8C7;};
A66038992C1522DFA6A23AB9 = {isa = PBXBuildFile; fileRef = 8577F8AC8BF49AAE011E0400;};
BDBB2A585A557FCAB85AC902 = {isa = PBXBuildFile; fileRef = AED2D53C45489229E82D071C;};
E3CFE638F71714C7E348172A = {isa = PBXBuildFile; fileRef = 2E7D8666FC3CEB7B1D1E6227;};
CF1C3C111ADBE3D25D10D110 = {isa = PBXBuildFile; fileRef = D276C1CFD651C5E5F2EEFDA3;};
81BFDBA99476FC800D845633 = {isa = PBXBuildFile; fileRef = 5BFB7A267ED96BA3D46831C0;};
712D9C4ADCE590B2E56B4EF3 = {isa = PBXBuildFile; fileRef = B9D270FE69B1D65D1760B343;};
D64A3ACA0C25D5C898380CA6 = {isa = PBXBuildFile; fileRef = 51AC959F864E975F379122C6;};
19EEE1BB3E58B9008968AD48 = {isa = PBXBuildFile; fileRef = 6528D693E12BCB6876D7A946;};
34D9B1338585F05F1C1CA61A = {isa = PBXBuildFile; fileRef = 78B1D4817A38784619AFC6D6;};
BFFD4BC75439FF336C206EE5 = {isa = PBXBuildFile; fileRef = 426C4F7E1FBDD3AFE784B60F;};
D6E3CE44AAEFB8B5C172F60C = {isa = PBXBuildFile; fileRef = F7087948A14AE669DE232E4D;};
F1C0B6BEAB2F8BAEF9FC1C70 = {isa = PBXBuildFile; fileRef = 7AC6194A2797AB621298D571;};
CE5118210FEF82EB49F90D59 = {isa = PBXBuildFile; fileRef = 344E4F751A49392AD287C8B8;};
17E887E0DD805264E8911B30 = {isa = PBXBuildFile; fileRef = 27589FD49FD9B9A1B3B8FDE6;};
2E1C0C4D5296CB06E1BB9D3A = {isa = PBXBuildFile; fileRef = CE8D00C05A13BAF497A14176;};
91059C21298E26902647F620 = {isa = PBXBuildFile; fileRef = 40C1B85897C959A2898AAF6A;};
77A8FEDCCBEC35DC642EA193 = {isa = PBXBuildFile; fileRef = 105AE4739348AB17334F2B9B;};
87F4131DD9EA84084D253C8B = {isa = PBXBuildFile; fileRef = 72358320D6DD77E77247AF1A;};
FC90F9ED0A45B41F0A93C72B = {isa = PBXBuildFile; fileRef = 75231DDE408E04E73E1A843E;};
6100A712F11D8E359799327D = {isa = PBXBuildFile; fileRef = 3280731D96B4BA3B52CA77A7;};
F9DACC62FE897C0A5BD08CB4 = {isa = PBXBuildFile; fileRef = 29EC927C74CED7B7571220D9;};
993AC2965116C1E4D05B5953 = {isa = PBXBuildFile; fileRef = 648515716000204E8FD1219E;};
7612A93FC47D1801262B7B1B = {isa = PBXBuildFile; fileRef = B457D9B3ED3FC8726D79584F;};
F1A32878D8F88417D957EFBA = {isa = PBXBuildFile; fileRef = F9CB230A3B8426BE77B54DFD;};
BDC292A4DC1C87627AA15971 = {isa = PBXBuildFile; fileRef = 2302138D0050438E65E1C6C4;};
B5034F60C845FB9D19B8451C = {isa = PBXBuildFile; fileRef = 55E7DB05EF2AB670ABFBD52E;};
804AAA7588A1E79BCA24F63A = {isa = PBXBuildFile; fileRef = 77173E66A87E8B7C24F1EDDA;};
8D97C8EA434B8D1253422627 = {isa = PBXSourcesBuildPhase; buildActionMask = 2147483647; files = (0289E72AEC1B877BEB429FEB,C8389D22B1076D3E116BDB4C,1DA435347CAED0164F1C5BCB,D4261A949D1BDCE5D16C00CA,8986A635644D6FFA370FE448,B452A7EBC60DA56877765BCA,B9B5AB803CC4C3A377AFED2A,1FB3CF44ABAE771109094448,FCFFF650015D2CD8DD383728,18E085A182E3EBE5E69CA4CC,090DCFE0042D699E94A1CC11,E4EAB7295B291E816E7575CF,10C6370694454ECD98CB41DA,6912585897ED5F183FEBCAB4,7AB088DA97C644757F9E74EC,536FCABDD0643014765716B9,18DB10EDC0C9CDBC5565F9EE,737B7B6AE4B044D4569A9CE9,1DE42189FE3EB42E8D200C58,DD67F11D94F4C21B65E78691,CEE7B86FEFF5A5905032D728,7B5AC0D1BC40DCFE9476A3EF,69BD51CDD8CCC92B30CED0C3,45D2E90D3862AA37DF8453DA,2FD8C4F5E5451F2364D14B6A,23B82A91A78350D964F1020A,CB0E6B80EE37C134D3C3A04F,DCBE7E382EC1FC671D879111,C8DAD7158DF2836C85F6AFBB,97E94247EFBC9FCADBA607AA,FE2266C3ED729C377B63A0C2,FF0D4D73ADD9F1FF5F58A338,FDC82E110654932D6269BD53,2A93EBE4F571D2E43E2FC904,51FB76086AE222E93B16D742,32FE7E14051A1F89997EC6B5,74E8930613D6BEEE49BCCDF2,196AA20F724A02D54062AB31,3835C49B92DB952A2ED36EB6,BD4A0D780A7D41DF46928C63,D892EBAB0BD67C11E6465DF9,6CC972853B89F5E69C8A0D3E,F30AB71147CE806E20AE8F8A,EA09EFCEAE7D9DD32E8137BC,DD70AEE3F1E08519675FC99D,9FEA1F8FBF266D6E50045269,013AAF45BCB3BAAB5ECD55DE,17F4EA897346B16DB0F1CEAA,B9D822346D7365D99B29381F,89CECE44E88616AC968AF2E9,ABF07F2FD193DE291796171B,263918621D6B0FB9CCBE41F4,D619CBC9FBAEFD6A4ABC4F22,0F2DB9D985F9F3C810085999,519DC6067322E55814FCE012,8D5A74CE433B3DF84FDCAD9E,4B27B392900D9189D2AD5F1E,463B65DCA75CB7905727F4C2,1B44660DACF9B0C16EAF1240,B2BD50495873D09097CFBAA6,7A4ADCEE838F38D315C929C7,FF08184B16FE937AC0A71012,8D9174FE42A673703DF9CCDB,A34DEA6B05D7978557D00924,1561C9CEB85DC57EC002D790,662D2031EF1A24B56C7AE4F1,D09252FCB9C8ED88D99E77F0,E2B69C7CF0075AB2AE41F61B,5CC7C47176EB399C3966DEFD,EA2F50F55CD0332745F82EFD,95D38E5F98CD368B42D9C787,362FBBF908C560F50A66A8FA,615C6020F9ABCE96DFFD72FE,25BABE14BAD4DE9A61810498,3C2945C79C16AE6B35BBFB38,78E00A0B32AB9941BBBFFC53,3C291ED4BB4C236E87C82276,8D9B6800C6067E1716EB9358,64E8A6F0C3C8C2A847F02BDB,30F260192E44704FD7A191E5,B08959E445CEC80AB0192752,31E2E86CD7BCEC062CF06E5B,62B3924E3D51DB711C1D4C84,36A1BE95E5FD2F7DE2A6B21E,CB974F8F177208A5CF9410BE,E1497F4B16D164D356E2BC50,03BBABB888F2B6EC218768F0,64AAEC04DDB59227BDAE2CEF,4E84D5D3D65A25DB7F3A5DB7,CA19723048A5F38A40C14014,9A236162D19A7F4059DCB833,919411A3640F956C3AC07244,6E5CC18AC81ACE174EC9D220,5FCB605FA6FC77C4437EED4A,A966431120F5C7E7EC94AB3D,963234117BB2491E8DF230D6,47B5AE70E7EE8F255AEA7202,C8F2B991E4693C5AA0AC22C7,667A358608DEE96EB7808A61,9EDDB7DA63DAD6384FA37EE1,A20CA1B16E2AA48192F27DDC,CF7A2142BA7A3934DB766A03,58228A394E33C312A734B9D6,33B9653C00B8267F020075C0,473C1EE00FEAAE3973DE04C0,A66038992C1522DFA6A23AB9,BDBB2A585A557FCAB85AC902,E3CFE638F71714C7E348172A,CF1C3C111ADBE3D25D10D110,81BFDBA99476FC800D845633,712D9C4ADCE590B2E56B4EF3,D64A3ACA0C25D5C898380CA6,19EEE1BB3E58B9008968AD48,34D9B1338585F05F1C1CA61A,BFFD4BC75439FF336C206EE5,D6E3CE44AAEFB8B5C172F60C,F1C0B6BEAB2F8BAEF9FC1C70,CE5118210FEF82EB49F90D59,17E887E0DD805264E8911B30,2E1C0C4D5296CB06E1BB9D3A,91059C21298E26902647F620,77A8FEDCCBEC35DC642EA193,87F4131DD9EA84084D253C8B,FC90F9ED0A45B41F0A93C72B,6100A712F11D8E359799327D,F9DACC62FE897C0A5BD08CB4,993AC2965116C1E4D05B5953,7612A93FC47D1801262B7B1B,F1A32878D8F88417D957EFBA,BDC292A4DC1C87627AA15971,B5034F60C845FB9D19B8451C,804AAA7588A1E79BCA24F63A); runOnlyForDeploymentPostprocessing = 0;};
33FFD240F3D1374DD08D3481 = {isa = PBXFrameworksBuildPhase; buildActionMask = 2147483647; files = (); runOnlyForDeploymentPostprocessing = 0;};
E7F4C86C12B1F7E2E1B6E748 = {isa = PBXBuildFile; fileRef = 3685E330EC5277A9DD5661C6;};
3B2C2B27E7C332A39F39CD8C = {isa = PBXBuildFile; fileRef = 82792A940AEB9DBA2EEAA46C;};
60E1E814D3978826048A8883 = {isa = PBXBuildFile; fileRef = 3D6FB5048982F914F24C707B;};
46CCDB26429D2BAD162AAB74 = {isa = PBXBuildFile; fileRef = BF7D7EA6945C0C3AD624A511;};
994307824DA166B7BD80E2C4 = {isa = PBXBuildFile; fileRef = E1F37E1E54573FC0B765D89B;};
3E0A0EA4F71236B56C4D540E = {isa = PBXBuildFile; fileRef = DEC2119F1E1534432FA3842F;};
B43249FE6C8A9CA30F428235 = {isa = PBXBuildFile; fileRef = 28B38449961D9E7F45AC0254;};
747D8408D82AF5197391C51E = {isa = PBXBuildFile; fileRef = 3162E7E5FA2CBDDD58AAC95E;};
33ACAFCA5B0C47B3D8ADCC7A = {isa = PBXBuildFile; fileRef = 01379764EBCB0675E479F376;};
629781F1E8DA8701B7652642 = {isa = PBXResourcesBuildPhase; buildActionMask = 2147483647; files = (3B2C2B27E7C332A39F39CD8C,E7F4C86C12B1F7E2E1B6E748,60E1E814D3978826048A8883,46CCDB26429D2BAD162AAB74,994307824DA166B7BD80E2C4,3E0A0EA4F71236B56C4D540E,B43249FE6C8A9CA30F428235,747D8408D82AF5197391C51E,33ACAFCA5B0C47B3D8ADCC7A); runOnlyForDeploymentPostprocessing = 0;};
B1F8F9B13FC3298358FB7B6F = {isa = XCBuildConfiguration; name = Debug; buildSettings = {PRODUCT_NAME = "Jaras Live";PRODUCT_BUNDLE_IDENTIFIER = "com.hookdeveloper.jaraslive";SDKROOT = "iphoneos";SWIFT_VERSION = "5.0";CLANG_CXX_LANGUAGE_STANDARD = "c++17";CLANG_ENABLE_MODULES = "YES";CLANG_ENABLE_OBJC_ARC = "YES";SWIFT_OBJC_BRIDGING_HEADER = "Apple/Bridge/JarasLive-Bridging-Header.h";GENERATE_INFOPLIST_FILE = "YES";INFOPLIST_KEY_CFBundleDisplayName = "Jaras Live";MARKETING_VERSION = "1.0.0";CURRENT_PROJECT_VERSION = "1";CODE_SIGN_STYLE = "Automatic";DEVELOPMENT_TEAM = "573QZX9H7Y";SWIFT_OPTIMIZATION_LEVEL = "-Onone";GCC_OPTIMIZATION_LEVEL = "0";ENABLE_USER_SCRIPT_SANDBOXING = "YES";HEADER_SEARCH_PATHS = "$(SRCROOT)/Core $(SRCROOT)/Core/ThirdParty/Lame $(SRCROOT)/Core/ThirdParty/VST3";GCC_PREPROCESSOR_DEFINITIONS = "$(inherited) HAVE_CONFIG_H=1";ASSETCATALOG_COMPILER_GENERATE_SWIFT_ASSET_SYMBOL_EXTENSIONS = "NO";IPHONEOS_DEPLOYMENT_TARGET = "16.0";TARGETED_DEVICE_FAMILY = "2";SUPPORTED_PLATFORMS = "iphoneos iphonesimulator";INFOPLIST_KEY_UILaunchScreen_Generation = "YES";INFOPLIST_KEY_UIApplicationSceneManifest_Generation = "YES";INFOPLIST_KEY_UISupportedInterfaceOrientations = "UIInterfaceOrientationLandscapeLeft UIInterfaceOrientationLandscapeRight";INFOPLIST_KEY_UIRequiresFullScreen = "YES";};};
5B24F26EC762F3EBDE5E8DA9 = {isa = XCBuildConfiguration; name = Release; buildSettings = {PRODUCT_NAME = "Jaras Live";PRODUCT_BUNDLE_IDENTIFIER = "com.hookdeveloper.jaraslive";SDKROOT = "iphoneos";SWIFT_VERSION = "5.0";CLANG_CXX_LANGUAGE_STANDARD = "c++17";CLANG_ENABLE_MODULES = "YES";CLANG_ENABLE_OBJC_ARC = "YES";SWIFT_OBJC_BRIDGING_HEADER = "Apple/Bridge/JarasLive-Bridging-Header.h";GENERATE_INFOPLIST_FILE = "YES";INFOPLIST_KEY_CFBundleDisplayName = "Jaras Live";MARKETING_VERSION = "1.0.0";CURRENT_PROJECT_VERSION = "1";CODE_SIGN_STYLE = "Automatic";DEVELOPMENT_TEAM = "573QZX9H7Y";SWIFT_OPTIMIZATION_LEVEL = "-O";GCC_OPTIMIZATION_LEVEL = "3";ENABLE_USER_SCRIPT_SANDBOXING = "YES";HEADER_SEARCH_PATHS = "$(SRCROOT)/Core $(SRCROOT)/Core/ThirdParty/Lame $(SRCROOT)/Core/ThirdParty/VST3";GCC_PREPROCESSOR_DEFINITIONS = "$(inherited) HAVE_CONFIG_H=1";ASSETCATALOG_COMPILER_GENERATE_SWIFT_ASSET_SYMBOL_EXTENSIONS = "NO";IPHONEOS_DEPLOYMENT_TARGET = "16.0";TARGETED_DEVICE_FAMILY = "2";SUPPORTED_PLATFORMS = "iphoneos iphonesimulator";INFOPLIST_KEY_UILaunchScreen_Generation = "YES";INFOPLIST_KEY_UIApplicationSceneManifest_Generation = "YES";INFOPLIST_KEY_UISupportedInterfaceOrientations = "UIInterfaceOrientationLandscapeLeft UIInterfaceOrientationLandscapeRight";INFOPLIST_KEY_UIRequiresFullScreen = "YES";};};
A2C96F6561A73DD3759915D7 = {isa = XCConfigurationList; buildConfigurations = (B1F8F9B13FC3298358FB7B6F,5B24F26EC762F3EBDE5E8DA9); defaultConfigurationIsVisible = 0; defaultConfigurationName = Release;};
A885D463D24589C3055C5CAC = {isa = PBXNativeTarget; buildConfigurationList = A2C96F6561A73DD3759915D7; buildPhases = (8D97C8EA434B8D1253422627,33FFD240F3D1374DD08D3481,629781F1E8DA8701B7652642); buildRules = (); dependencies = (); name = "Jaras Live iPadOS"; productName = "Jaras Live"; productReference = BD55B937FE89448404734B6A; productType = "com.apple.product-type.application";};
FBDC4F23F93125BBEEAE800C = {isa = PBXGroup; children = (210420D2D4CE930FF79003A4,BD55B937FE89448404734B6A); name = Products; sourceTree = "<group>";};
7C7EACA0A604559DE0FEA859 = {isa = PBXGroup; children = (2CD5DA93249C9B2ED4E3C768); name = "Audio"; sourceTree = "<group>";};
86826999B80F717F408F6FC5 = {isa = PBXGroup; children = (0099FCE7DA06FCE544F5E4B1,F71F35775D048424E5ACB8C7,26CD4E609A89BD4E5D2910FA); name = "Import"; sourceTree = "<group>";};
879C5BEA2368A8456AD71219 = {isa = PBXGroup; children = (B9D4D11EC77D86C7B28E5FBB,8B3345AF6019E6A2E490FB7A); name = "Loop"; sourceTree = "<group>";};
D6F41081DB230D94BA5D8333 = {isa = PBXGroup; children = (B65C56AF85200667F4E2AB0A); name = "MIDI"; sourceTree = "<group>";};
A2F8A7B5553B9121A0B98877 = {isa = PBXGroup; children = (D15ECC26C2FB84957B9BAC68); name = "Mixer"; sourceTree = "<group>";};
32C35F9EFB0F8EF96E1E0634 = {isa = PBXGroup; children = (2453221F28F676B17D0B1F75); name = "Parts"; sourceTree = "<group>";};
1BD143367B8513EFD8677C0F = {isa = PBXGroup; children = (8577F8AC8BF49AAE011E0400,09E6749AA543369FF37E7A4E); name = "Project"; sourceTree = "<group>";};
60321BAB405CD4329A1FCDAC = {isa = PBXGroup; children = (B9E7994C00556A67BE7E69E7); name = "Queue"; sourceTree = "<group>";};
E69E1ADDA0937C84F03AD253 = {isa = PBXGroup; children = (D066C1655E3D32A2C233BD8A); name = "Serialization"; sourceTree = "<group>";};
21869183C6B22D2E51BC7673 = {isa = PBXGroup; children = (1D3E3971E820DBC425210B63); name = "Songs"; sourceTree = "<group>";};
DE1B63714DD74269993E5933 = {isa = PBXGroup; children = (9808318186F829232BB6638D); name = "Sync"; sourceTree = "<group>";};
B455A76C6AAC81CE86785BDB = {isa = PBXGroup; children = (FD5F7D9DF8306F5EE359529E); name = "sys"; sourceTree = "<group>";};
418E3D774823DC59799C31F0 = {isa = PBXGroup; children = (B455A76C6AAC81CE86785BDB); name = "queue"; sourceTree = "<group>";};
9A79EEF476E49442F68B74AB = {isa = PBXGroup; children = (418E3D774823DC59799C31F0,AED2D53C45489229E82D071C,9D31BB551F92D739B5EC3D14); name = "EBUR128"; sourceTree = "<group>";};
C07B9078693135DD388F450E = {isa = PBXGroup; children = (B47DEFE2C58F1ED63723F38A); name = "vector"; sourceTree = "<group>";};
B6CBE7BF0391CF3FAE6FB989 = {isa = PBXGroup; children = (C07B9078693135DD388F450E,2E7D8666FC3CEB7B1D1E6227,2E9C7262E9EA63DDFAE96748,D276C1CFD651C5E5F2EEFDA3,0AB877346DF77ADA11DDD9C8,C57E3531500A9151A1BE56DC,5BFB7A267ED96BA3D46831C0,004A51E6BFFECA1754C048BA,B9D270FE69B1D65D1760B343,71632557CC59D4F710357C19,51AC959F864E975F379122C6,9AF94393119222ADA0EAB30A,6528D693E12BCB6876D7A946,DB1E18416BE4FFF60B4AFEBC,06A368F3C31A3F7549D680C4,0C60051BB3909C896BE1BE94,78B1D4817A38784619AFC6D6,B50EF4AA55EAA800B21096EA,4AC576E1C2ECCB9AE9B34F3A,71C1D421DC2638481E183A86,8104217BD5B0E4F9B1A4FFBC,426C4F7E1FBDD3AFE784B60F,F7087948A14AE669DE232E4D,384F0C6293ED5366E6112360,7AC6194A2797AB621298D571,344E4F751A49392AD287C8B8,578C644EDFEE7AC2659B8CC4,27589FD49FD9B9A1B3B8FDE6,BD08F65D4DF979D8581FC199,CE8D00C05A13BAF497A14176,19AA2C66AFE811C01BBA205B,40C1B85897C959A2898AAF6A,712CFCE92AD6C0B0FB6EB21C,105AE4739348AB17334F2B9B,0CC409682613D92B7BCC15C0,72358320D6DD77E77247AF1A,66DA3933630B607CCD7893A0,75231DDE408E04E73E1A843E,3280731D96B4BA3B52CA77A7,2CC29275CDCC0F53151D1F47,29EC927C74CED7B7571220D9,BA2E0490A1EC48594FE5C3C6,648515716000204E8FD1219E,2C562CE8B6FB7D63CEB2EA50); name = "Lame"; sourceTree = "<group>";};
00246CCA8F3256B19D025882 = {isa = PBXGroup; children = (9502149821EBA4D28D8C19D9); name = "TinySoundFont"; sourceTree = "<group>";};
39ABA4658062BBE456DBA986 = {isa = PBXGroup; children = (B457D9B3ED3FC8726D79584F,95C7537F5AA88629B7039409,F9CB230A3B8426BE77B54DFD,CF73E39950A376A7F7115688,D7E096B9C1F04166C2E6B0D3,6EAB42F70F5CB8084D68E2DA,4F41D5869703A881F52C3A3E,93E1298380C162D94E5718A0,DA70AE5CA11B5A33BA802FD6,2302138D0050438E65E1C6C4,0C647EF13E8BBBABFD530EF1,E682B61683C9A79EB94E8B92,3A282A92405CEDA93836DD84,D824FAD6408A68E0C61DD08C,379DB034EA31AC924B249C01,808736FB8D03D650C7E0302E,6D51F6FE3F4328C450403E8E,2677593C80D1812CD03C91BC,ADD118A79E95056530A2DB64,E17703E8A00FC17A514E4168,9E2DBD6BAC8E5235584E20C1,09B097308FF71F16BAB78DE9,60B61A5C17F2638EB3AFFA5F,C340321E3F5EFF940ECC8A93,0F50ED02D0305E3687566641,B6E823922FC147E881CA78F9,70AA2CBB3D23FD645E643E89,FD2D4DED179BF0BFEBD4EEDD,55E7DB05EF2AB670ABFBD52E,9FA78AD647027A246296EB78); name = "base"; sourceTree = "<group>";};
CF657034BF283BA970CB1B00 = {isa = PBXGroup; children = (F337175D243EBA3AD9A0F138,B98918CF601A64EB5C5A1A22,51D566E33B4809F935A7B32A); name = "gui"; sourceTree = "<group>";};
8D00457AFF12C3EB7586EF72 = {isa = PBXGroup; children = (B44654C0A5B23D76EA74D693,62DE4F55AA22BE6CF9328A9F,929B6F4F552E65F9CE88E27C,E35F6DFE81AA5662966EA812,76EF700514D9595C2922236F,6F3F56F5C1354A204EF79C57,CBEDDFC3515300255AD156AE,631B5B527B710A5A87D8B8CC,C7B02E86E7EB6E91FB478879,A7EC46A3EA53454F101B9B78,EC438016116FDA1702EF6419,B81D2486F32A899A6B5375B9,63ABF1D73BBC1012A13A2F5B,25A088CEF4484FC4A6DE9BD5,01E11D26B98784B36DD6F152,D6F320454BF23DA916A91A94,B893600FC0CCF728C9E63FFB,DC0AC1E363D2C604BFB029D1,783F69E2E277CE26229CC913,05B934B933C7CBB6A33C4E5D,A561D23C97196EE60DF07D49,E7BB4DFE34A8999A5C03A2DF,A7BC023C2A96321E4D44CAF6,3128ABFAB2C92D30864E27E4,1522E765136A611A60EFDB35,1D1A9EBE04A5DA32D9B481A6,1F6747F4B0B648E948E49EDD,E7BB40F2A00F307185293BA2,287F26A678C657BEFF3D4B56,472B7E268A90052A7D997559,8248A2E392EA6469C0381C0E,EE7F6ADB45672DEDEDE91351,53B079EC8F72ADDDDEFE4BD1); name = "vst"; sourceTree = "<group>";};
B87DB5BE4853768BC4A2CFDA = {isa = PBXGroup; children = (39ABA4658062BBE456DBA986,CF657034BF283BA970CB1B00,8D00457AFF12C3EB7586EF72); name = "pluginterfaces"; sourceTree = "<group>";};
959986C7AC6CE1D856CE62D9 = {isa = PBXGroup; children = (B87DB5BE4853768BC4A2CFDA); name = "VST3"; sourceTree = "<group>";};
872B3328583C15B3DB0BF719 = {isa = PBXGroup; children = (9A79EEF476E49442F68B74AB,B6CBE7BF0391CF3FAE6FB989,00246CCA8F3256B19D025882,959986C7AC6CE1D856CE62D9); name = "ThirdParty"; sourceTree = "<group>";};
B742122D3F36F2DB575CEC78 = {isa = PBXGroup; children = (78CB6266AFF6725DB1130353); name = "Timecode"; sourceTree = "<group>";};
B5F44946C9452423E7A2180C = {isa = PBXGroup; children = (ABFF7EA2415E717DA391021B); name = "Tracks"; sourceTree = "<group>";};
4DD9C4B67FD0BEC4FD4C79D8 = {isa = PBXGroup; children = (77173E66A87E8B7C24F1EDDA,376AA6BEE449F3351EB3828A,523DDE8D9F927F563555219B); name = "Transport"; sourceTree = "<group>";};
AD89FC5E8C95A5D8018354BE = {isa = PBXGroup; children = (2F78553D72FEECA1169D1338); name = "Utils"; sourceTree = "<group>";};
410188F9DC6E499FEC68BCF6 = {isa = PBXGroup; children = (7C7EACA0A604559DE0FEA859,86826999B80F717F408F6FC5,879C5BEA2368A8456AD71219,D6F41081DB230D94BA5D8333,A2F8A7B5553B9121A0B98877,32C35F9EFB0F8EF96E1E0634,1BD143367B8513EFD8677C0F,60321BAB405CD4329A1FCDAC,E69E1ADDA0937C84F03AD253,21869183C6B22D2E51BC7673,DE1B63714DD74269993E5933,872B3328583C15B3DB0BF719,B742122D3F36F2DB575CEC78,B5F44946C9452423E7A2180C,4DD9C4B67FD0BEC4FD4C79D8,AD89FC5E8C95A5D8018354BE); name = "Core"; sourceTree = "<group>";};
A5115F21CEF889F33E720103 = {isa = PBXGroup; children = (21DA255B8716BD328F6B0614); name = "Account"; sourceTree = "<group>";};
5D7C7E347B34B957FD0B8B16 = {isa = PBXGroup; children = (6A46DCC533DD7855699CE05D,4D40E8B0343F56A74EE3DA5E); name = "AppState"; sourceTree = "<group>";};
1DFC26EE3CB2F5B4AF8358F4 = {isa = PBXGroup; children = (166A3BD353D2BB38BC66DC8A,B7D988CA9938FCB635D34E56); name = "Auth"; sourceTree = "<group>";};
FC76C1E8F66607C5196E8447 = {isa = PBXGroup; children = (44AAC3F6BCC0AEF8342964DE,58FDD6B35882723C104E6B9D); name = "Backend"; sourceTree = "<group>";};
36B5C158C25591069C4C9916 = {isa = PBXGroup; children = (2CEB331ABE2CDC199900BF26,B929D350FCF20127528FC0CF,E516069EFC2CE2BC9B052D3D); name = "Controls"; sourceTree = "<group>";};
69E92D526EB2E1C183B83EB8 = {isa = PBXGroup; children = (A2B2210FCA80DD1ECAA2987D); name = "Devices"; sourceTree = "<group>";};
6D683752074B7894AAC9852E = {isa = PBXGroup; children = (6EB884A8DF43882747E68AB0); name = "Export"; sourceTree = "<group>";};
D4AB487A092FAEBFE6937B0E = {isa = PBXGroup; children = (7C664F299C198289073581EE); name = "Licensing"; sourceTree = "<group>";};
BD26994C1D979C4E07D788B9 = {isa = PBXGroup; children = (3C756AF2E92A72D1FA5CC42F,F4741742AFD5B134A8A716FD,9A9FA4B8F5336A646F2860EB,2E51AEE5222BC4A3A47D8E8F,B93C5ABA58D328B63ED4EBC2,D601580918ABC4AEA030BD91,F526D8288A9D9BA63ACF87EF,2EE1E108614C95C7E10D6FFF,6D3CD518C556A5E2A9BC0923,53F9AEFD08B7D234B79184EF,2F66218029A261495023AE3A,4021E7C24F89248F07ED3DF7,93DB2E8F5D566CF223948B12,C201F79AAFF88F4133E78B0E,DF7C2CB63BBC2BB816DB65D5,179724D8A13C91AD4CF8342C,D16C1B8ACEADEC6EF2211001,B83BF9F23AA9BCF26F346E21,5450906CFFD0132D184B2596,5CD890FA78A14486CA728463,8078F4FC28E01B81114DB0DF,653AE5773C9DA6EF8E2CC2B8,D5AA3D6EE1B52E9CA5DCA7DD); name = "Project"; sourceTree = "<group>";};
D45F72567C128575D32721F6 = {isa = PBXGroup; children = (A5115F21CEF889F33E720103,5D7C7E347B34B957FD0B8B16,1DFC26EE3CB2F5B4AF8358F4,FC76C1E8F66607C5196E8447,36B5C158C25591069C4C9916,69E92D526EB2E1C183B83EB8,6D683752074B7894AAC9852E,D4AB487A092FAEBFE6937B0E,BD26994C1D979C4E07D788B9); name = "Application"; sourceTree = "<group>";};
773EF46EC66D360AE8C17EAE = {isa = PBXGroup; children = (5E86CEBCCB438FB349DFEA2C,A95B68F678640847767AF9BF,0B00F4278E82F714DF0D025E,91EE2EBC0D126DF6ECFB59AD,951E68D98EEB66ED4E517E0C,FA71668E4D5381C66170C6C4,BCBD133F7DF86865385A73A1,3225D7CC4E644300B80511F9,9F55B9CB2DB232CA01AE4221,0A4A4FF8C50AF55AF183A1A5,C4936CF8AE062E92CAF8A043,DD01433310890C523F0FB30C,BF172E170CB8CD9A1D165337,3F07F1E21C9BD707F6833292); name = "Bridge"; sourceTree = "<group>";};
2F3589FB01BD4B9BBE499125 = {isa = PBXGroup; children = (B56D2897ED781284BB1D2186,70CAAE3EC6E543EA9CFB0435,7A4F612D5ED5C699614E09DE,41B7C7731271615882D0F3B1,05BE4E698DC2D3316452DAA8,E9262EDF3849221C0D733C00,F53D12F21BF070DF0EBAF594,6DF069EB1A7314A5D5D0BA71,56CCE7F7E3BACB71368DAA79,C13588885D496FAF97727FEB,FCF45410876EE4E9D2DFEBC9,E49A12B5089017976393A0E0,8DACBF85DF5BBCEE03579780,DFFCC4CCF6ACBE7E46220DC5,06AB5129594D43BFA8668549,786FE41E577FD4CE88E62CE4,73DD49CF37373AA442CE15A0,CB65FBF85F811F0C864853D3,B6743DF82BBBC381511E7B34,8D59C779A27E6B8CA47F259E,3C6B8F3AEF42385688275CC2,23420D5985534F931D05F256,96A44650443C9461B4228B51,C636B630153FC746BB4C42BE,23A77DC795631F9E16D35466,7E402FCEE826FD2332E8A934,D1FC0A9CD45E72E933B9EB23,4507623203A5920F28A8AC20,AE08AF799CD741197B9E4CD7,734EF32C735F6C2EEF555FFE,165FADB179F8C541238ECC61,9CCD078A8919FA3EFA2B6FF8,FE41F983F44F3A49142C32E3,D644554C3A1B33E4F141370B,71268EAA766FFA93614B6561,FCC355F185A4CE633CE4BC2F,F3ED7A0763255A9EE46BC936,C59AF674562AF4448E5258A3,9A30E3F31C22E9C740AA0B01,7036808CDA6EA116DCF71ECB,C20D5FEA9463189EA34135D9,8739E8D2E458557044DEE958,9247CF8624EE3B7112D8CF0C,A040AD7248008141F20C4100,52146F08E8BE8683394242FA,496EF092B48B0C8D93F0B809,13FE935476BB68F6D4F6F11F,49ECD51D147DD10DB59272A2,BE00D723AA47A2CCEEF71482,FD90F39BDFCAF9CFA53AC502,BE7B81781248FCFAFFFEDDC1,8AAF350CDB57715F42A6876E,90D8D0DDA4A2C68F5A0D4D74,43CE5303331AB21F9298C66C,AA2F622B38F55D11CCFEDA99,765B13A8893024142CB240A2,24A0F93444D6B146A5226C71,CBFE6E158BE2341E2C07D4BB,2F1D6F82A880A429310F7946,B0C64E4B9F55413510E6BCE8,923BFCF78937E7B2897E5791); name = "Shared"; sourceTree = "<group>";};
401FB3ECA8CE8ED332855F95 = {isa = PBXGroup; children = (773EF46EC66D360AE8C17EAE,2F3589FB01BD4B9BBE499125,82792A940AEB9DBA2EEAA46C,3685E330EC5277A9DD5661C6); name = "Apple"; sourceTree = "<group>";};
DC76E9F0C0006E8F919E0C51 = {isa = PBXGroup; children = (410188F9DC6E499FEC68BCF6,D45F72567C128575D32721F6,401FB3ECA8CE8ED332855F95,FBDC4F23F93125BBEEAE800C); sourceTree = "<group>";};
AB52CB08E0FDF02BF6C67C33 = {isa = XCBuildConfiguration; name = Debug; buildSettings = {};};
5283471FF90C511CFE244FFF = {isa = XCBuildConfiguration; name = Release; buildSettings = {};};
49EA05A46B1A86EA7E413B43 = {isa = XCConfigurationList; buildConfigurations = (AB52CB08E0FDF02BF6C67C33,5283471FF90C511CFE244FFF); defaultConfigurationIsVisible = 0; defaultConfigurationName = Release;};
98F54143AB4E86B28C3AFEE0 = {isa = PBXProject; attributes = {LastUpgradeCheck = 1600; TargetAttributes = {12B8F7BB61F8B510166DE3BF = {CreatedOnToolsVersion = 16.0; DevelopmentTeam = 573QZX9H7Y; ProvisioningStyle = Automatic; };A885D463D24589C3055C5CAC = {CreatedOnToolsVersion = 16.0; DevelopmentTeam = 573QZX9H7Y; ProvisioningStyle = Automatic; };}; }; buildConfigurationList = 49EA05A46B1A86EA7E413B43; compatibilityVersion = "Xcode 14.0"; developmentRegion = en; hasScannedForEncodings = 0; knownRegions = (en,"pt-BR",Base); mainGroup = DC76E9F0C0006E8F919E0C51; productRefGroup = FBDC4F23F93125BBEEAE800C; projectDirPath = ""; projectRoot = ""; targets = (12B8F7BB61F8B510166DE3BF,A885D463D24589C3055C5CAC);};
}; rootObject = 98F54143AB4E86B28C3AFEE0; }
